// !$*UTF8*$!
{
	archiveVersion = 1;
	classes = {
	};
	objectVersion = 42;
	objects = {

/* Begin PBXBuildFile section */
		0351648F16C039BB007E826E /* ofVecT_testApp.cpp in Sources */ = {isa = PBXBuildFile; fileRef = 0351648116C039BA007E826E /* ofVecT_testApp.cpp */; };
		03B7015C16C2024900BA0C24 /* _ofMatrix3x3.cpp in Sources */ = {isa = PBXBuildFile; fileRef = 03B7015B16C2024900BA0C24 /* _ofMatrix3x3.cpp */; };
		03B7017E16C202AB00BA0C24 /* ofMatrixT_testApp.cpp in Sources */ = {isa = PBXBuildFile; fileRef = 03B7017D16C202AB00BA0C24 /* ofMatrixT_testApp.cpp */; };
		03F7C1D916B206C5009E009E /* collectoroutput.cpp in Sources */ = {isa = PBXBuildFile; fileRef = 03F7C1C316B206C5009E009E /* collectoroutput.cpp */; };
		03F7C1DA16B206C5009E009E /* compileroutput.cpp in Sources */ = {isa = PBXBuildFile; fileRef = 03F7C1C416B206C5009E009E /* compileroutput.cpp */; };
		03F7C1DB16B206C5009E009E /* htmloutput.cpp in Sources */ = {isa = PBXBuildFile; fileRef = 03F7C1CF16B206C5009E009E /* htmloutput.cpp */; };
		03F7C1DC16B206C5009E009E /* missing.cpp in Sources */ = {isa = PBXBuildFile; fileRef = 03F7C1D116B206C5009E009E /* missing.cpp */; };
		03F7C1DD16B206C5009E009E /* source.cpp in Sources */ = {isa = PBXBuildFile; fileRef = 03F7C1D316B206C5009E009E /* source.cpp */; };
		03F7C1DE16B206C5009E009E /* suite.cpp in Sources */ = {isa = PBXBuildFile; fileRef = 03F7C1D416B206C5009E009E /* suite.cpp */; };
		03F7C1DF16B206C5009E009E /* textoutput.cpp in Sources */ = {isa = PBXBuildFile; fileRef = 03F7C1D516B206C5009E009E /* textoutput.cpp */; };
		03F7C1E016B206C5009E009E /* time.cpp in Sources */ = {isa = PBXBuildFile; fileRef = 03F7C1D616B206C5009E009E /* time.cpp */; };
		03F7C1E116B206C5009E009E /* utils.cpp in Sources */ = {isa = PBXBuildFile; fileRef = 03F7C1D716B206C5009E009E /* utils.cpp */; };
		BBAB23CB13894F3D00AA2426 /* GLUT.framework in CopyFiles */ = {isa = PBXBuildFile; fileRef = BBAB23BE13894E4700AA2426 /* GLUT.framework */; };
		E4328149138ABC9F0047C5CB /* openFrameworksDebug.a in Frameworks */ = {isa = PBXBuildFile; fileRef = E4328148138ABC890047C5CB /* openFrameworksDebug.a */; };
		E45BE97B0E8CC7DD009D7055 /* AGL.framework in Frameworks */ = {isa = PBXBuildFile; fileRef = E45BE9710E8CC7DD009D7055 /* AGL.framework */; };
		E45BE97C0E8CC7DD009D7055 /* ApplicationServices.framework in Frameworks */ = {isa = PBXBuildFile; fileRef = E45BE9720E8CC7DD009D7055 /* ApplicationServices.framework */; };
		E45BE97D0E8CC7DD009D7055 /* AudioToolbox.framework in Frameworks */ = {isa = PBXBuildFile; fileRef = E45BE9730E8CC7DD009D7055 /* AudioToolbox.framework */; };
		E45BE97E0E8CC7DD009D7055 /* Carbon.framework in Frameworks */ = {isa = PBXBuildFile; fileRef = E45BE9740E8CC7DD009D7055 /* Carbon.framework */; };
		E45BE97F0E8CC7DD009D7055 /* CoreAudio.framework in Frameworks */ = {isa = PBXBuildFile; fileRef = E45BE9750E8CC7DD009D7055 /* CoreAudio.framework */; };
		E45BE9800E8CC7DD009D7055 /* CoreFoundation.framework in Frameworks */ = {isa = PBXBuildFile; fileRef = E45BE9760E8CC7DD009D7055 /* CoreFoundation.framework */; };
		E45BE9810E8CC7DD009D7055 /* CoreServices.framework in Frameworks */ = {isa = PBXBuildFile; fileRef = E45BE9770E8CC7DD009D7055 /* CoreServices.framework */; };
		E45BE9830E8CC7DD009D7055 /* OpenGL.framework in Frameworks */ = {isa = PBXBuildFile; fileRef = E45BE9790E8CC7DD009D7055 /* OpenGL.framework */; };
		E45BE9840E8CC7DD009D7055 /* QuickTime.framework in Frameworks */ = {isa = PBXBuildFile; fileRef = E45BE97A0E8CC7DD009D7055 /* QuickTime.framework */; };
		E4B69E200A3A1BDC003C02F2 /* main.cpp in Sources */ = {isa = PBXBuildFile; fileRef = E4B69E1D0A3A1BDC003C02F2 /* main.cpp */; };
		E4C2424710CC5A17004149E2 /* AppKit.framework in Frameworks */ = {isa = PBXBuildFile; fileRef = E4C2424410CC5A17004149E2 /* AppKit.framework */; };
		E4C2424810CC5A17004149E2 /* Cocoa.framework in Frameworks */ = {isa = PBXBuildFile; fileRef = E4C2424510CC5A17004149E2 /* Cocoa.framework */; };
		E4C2424910CC5A17004149E2 /* IOKit.framework in Frameworks */ = {isa = PBXBuildFile; fileRef = E4C2424610CC5A17004149E2 /* IOKit.framework */; };
		E4EB6799138ADC1D00A09F29 /* GLUT.framework in Frameworks */ = {isa = PBXBuildFile; fileRef = BBAB23BE13894E4700AA2426 /* GLUT.framework */; };
		E7E077E515D3B63C0020DFD4 /* CoreVideo.framework in Frameworks */ = {isa = PBXBuildFile; fileRef = E7E077E415D3B63C0020DFD4 /* CoreVideo.framework */; };
		E7E077E815D3B6510020DFD4 /* QTKit.framework in Frameworks */ = {isa = PBXBuildFile; fileRef = E7E077E715D3B6510020DFD4 /* QTKit.framework */; };
		E7F985F815E0DEA3003869B5 /* Accelerate.framework in Frameworks */ = {isa = PBXBuildFile; fileRef = E7F985F515E0DE99003869B5 /* Accelerate.framework */; };
/* End PBXBuildFile section */

/* Begin PBXContainerItemProxy section */
		E4328147138ABC890047C5CB /* PBXContainerItemProxy */ = {
			isa = PBXContainerItemProxy;
			containerPortal = E4328143138ABC890047C5CB /* openFrameworksLib.xcodeproj */;
			proxyType = 2;
			remoteGlobalIDString = E4B27C1510CBEB8E00536013;
			remoteInfo = openFrameworks;
		};
		E4EEB9AB138B136A00A80321 /* PBXContainerItemProxy */ = {
			isa = PBXContainerItemProxy;
			containerPortal = E4328143138ABC890047C5CB /* openFrameworksLib.xcodeproj */;
			proxyType = 1;
			remoteGlobalIDString = E4B27C1410CBEB8E00536013;
			remoteInfo = openFrameworks;
		};
/* End PBXContainerItemProxy section */

/* Begin PBXCopyFilesBuildPhase section */
		E4C2427710CC5ABF004149E2 /* CopyFiles */ = {
			isa = PBXCopyFilesBuildPhase;
			buildActionMask = 2147483647;
			dstPath = "";
			dstSubfolderSpec = 10;
			files = (
				BBAB23CB13894F3D00AA2426 /* GLUT.framework in CopyFiles */,
			);
			runOnlyForDeploymentPostprocessing = 0;
		};
/* End PBXCopyFilesBuildPhase section */

/* Begin PBXFileReference section */
		0351639816C0391E007E826E /* ofMain.h */ = {isa = PBXFileReference; fileEncoding = 4; lastKnownFileType = sourcecode.c.h; path = ofMain.h; sourceTree = "<group>"; };
		0351639A16C0391E007E826E /* of3dUtils.cpp */ = {isa = PBXFileReference; fileEncoding = 4; lastKnownFileType = sourcecode.cpp.cpp; path = of3dUtils.cpp; sourceTree = "<group>"; };
		0351639B16C0391E007E826E /* of3dUtils.h */ = {isa = PBXFileReference; fileEncoding = 4; lastKnownFileType = sourcecode.c.h; path = of3dUtils.h; sourceTree = "<group>"; };
		0351639C16C0391E007E826E /* ofCamera.cpp */ = {isa = PBXFileReference; fileEncoding = 4; lastKnownFileType = sourcecode.cpp.cpp; path = ofCamera.cpp; sourceTree = "<group>"; };
		0351639D16C0391E007E826E /* ofCamera.h */ = {isa = PBXFileReference; fileEncoding = 4; lastKnownFileType = sourcecode.c.h; path = ofCamera.h; sourceTree = "<group>"; };
		0351639E16C0391E007E826E /* ofEasyCam.cpp */ = {isa = PBXFileReference; fileEncoding = 4; lastKnownFileType = sourcecode.cpp.cpp; path = ofEasyCam.cpp; sourceTree = "<group>"; };
		0351639F16C0391E007E826E /* ofEasyCam.h */ = {isa = PBXFileReference; fileEncoding = 4; lastKnownFileType = sourcecode.c.h; path = ofEasyCam.h; sourceTree = "<group>"; };
		035163A016C0391E007E826E /* ofMesh.cpp */ = {isa = PBXFileReference; fileEncoding = 4; lastKnownFileType = sourcecode.cpp.cpp; path = ofMesh.cpp; sourceTree = "<group>"; };
		035163A116C0391E007E826E /* ofMesh.h */ = {isa = PBXFileReference; fileEncoding = 4; lastKnownFileType = sourcecode.c.h; path = ofMesh.h; sourceTree = "<group>"; };
		035163A216C0391E007E826E /* ofNode.cpp */ = {isa = PBXFileReference; fileEncoding = 4; lastKnownFileType = sourcecode.cpp.cpp; path = ofNode.cpp; sourceTree = "<group>"; };
		035163A316C0391E007E826E /* ofNode.h */ = {isa = PBXFileReference; fileEncoding = 4; lastKnownFileType = sourcecode.c.h; path = ofNode.h; sourceTree = "<group>"; };
		035163A516C0391E007E826E /* ofAppBaseWindow.h */ = {isa = PBXFileReference; fileEncoding = 4; lastKnownFileType = sourcecode.c.h; path = ofAppBaseWindow.h; sourceTree = "<group>"; };
		035163A616C0391E007E826E /* ofAppGlutWindow.cpp */ = {isa = PBXFileReference; fileEncoding = 4; lastKnownFileType = sourcecode.cpp.cpp; path = ofAppGlutWindow.cpp; sourceTree = "<group>"; };
		035163A716C0391E007E826E /* ofAppGlutWindow.h */ = {isa = PBXFileReference; fileEncoding = 4; lastKnownFileType = sourcecode.c.h; path = ofAppGlutWindow.h; sourceTree = "<group>"; };
		035163A816C0391E007E826E /* ofAppRunner.cpp */ = {isa = PBXFileReference; fileEncoding = 4; lastKnownFileType = sourcecode.cpp.cpp; path = ofAppRunner.cpp; sourceTree = "<group>"; };
		035163A916C0391E007E826E /* ofAppRunner.h */ = {isa = PBXFileReference; fileEncoding = 4; lastKnownFileType = sourcecode.c.h; path = ofAppRunner.h; sourceTree = "<group>"; };
		035163AA16C0391E007E826E /* ofBaseApp.h */ = {isa = PBXFileReference; fileEncoding = 4; lastKnownFileType = sourcecode.c.h; path = ofBaseApp.h; sourceTree = "<group>"; };
		035163AC16C0391E007E826E /* ofArduino.cpp */ = {isa = PBXFileReference; fileEncoding = 4; lastKnownFileType = sourcecode.cpp.cpp; path = ofArduino.cpp; sourceTree = "<group>"; };
		035163AD16C0391E007E826E /* ofArduino.h */ = {isa = PBXFileReference; fileEncoding = 4; lastKnownFileType = sourcecode.c.h; path = ofArduino.h; sourceTree = "<group>"; };
		035163AE16C0391E007E826E /* ofSerial.cpp */ = {isa = PBXFileReference; fileEncoding = 4; lastKnownFileType = sourcecode.cpp.cpp; path = ofSerial.cpp; sourceTree = "<group>"; };
		035163AF16C0391E007E826E /* ofSerial.h */ = {isa = PBXFileReference; fileEncoding = 4; lastKnownFileType = sourcecode.c.h; path = ofSerial.h; sourceTree = "<group>"; };
		035163B116C0391E007E826E /* ofEvents.cpp */ = {isa = PBXFileReference; fileEncoding = 4; lastKnownFileType = sourcecode.cpp.cpp; path = ofEvents.cpp; sourceTree = "<group>"; };
		035163B216C0391E007E826E /* ofEvents.h */ = {isa = PBXFileReference; fileEncoding = 4; lastKnownFileType = sourcecode.c.h; path = ofEvents.h; sourceTree = "<group>"; };
		035163B316C0391E007E826E /* ofEventUtils.h */ = {isa = PBXFileReference; fileEncoding = 4; lastKnownFileType = sourcecode.c.h; path = ofEventUtils.h; sourceTree = "<group>"; };
		035163B516C0391E007E826E /* ofFbo.cpp */ = {isa = PBXFileReference; fileEncoding = 4; lastKnownFileType = sourcecode.cpp.cpp; path = ofFbo.cpp; sourceTree = "<group>"; };
		035163B616C0391E007E826E /* ofFbo.h */ = {isa = PBXFileReference; fileEncoding = 4; lastKnownFileType = sourcecode.c.h; path = ofFbo.h; sourceTree = "<group>"; };
		035163B716C0391E007E826E /* ofGLRenderer.cpp */ = {isa = PBXFileReference; fileEncoding = 4; lastKnownFileType = sourcecode.cpp.cpp; path = ofGLRenderer.cpp; sourceTree = "<group>"; };
		035163B816C0391E007E826E /* ofGLRenderer.h */ = {isa = PBXFileReference; fileEncoding = 4; lastKnownFileType = sourcecode.c.h; path = ofGLRenderer.h; sourceTree = "<group>"; };
		035163B916C0391E007E826E /* ofGLUtils.h */ = {isa = PBXFileReference; fileEncoding = 4; lastKnownFileType = sourcecode.c.h; path = ofGLUtils.h; sourceTree = "<group>"; };
		035163BA16C0391E007E826E /* ofLight.cpp */ = {isa = PBXFileReference; fileEncoding = 4; lastKnownFileType = sourcecode.cpp.cpp; path = ofLight.cpp; sourceTree = "<group>"; };
		035163BB16C0391E007E826E /* ofLight.h */ = {isa = PBXFileReference; fileEncoding = 4; lastKnownFileType = sourcecode.c.h; path = ofLight.h; sourceTree = "<group>"; };
		035163BC16C0391E007E826E /* ofMaterial.cpp */ = {isa = PBXFileReference; fileEncoding = 4; lastKnownFileType = sourcecode.cpp.cpp; path = ofMaterial.cpp; sourceTree = "<group>"; };
		035163BD16C0391E007E826E /* ofMaterial.h */ = {isa = PBXFileReference; fileEncoding = 4; lastKnownFileType = sourcecode.c.h; path = ofMaterial.h; sourceTree = "<group>"; };
		035163BE16C0391E007E826E /* ofShader.cpp */ = {isa = PBXFileReference; fileEncoding = 4; lastKnownFileType = sourcecode.cpp.cpp; path = ofShader.cpp; sourceTree = "<group>"; };
		035163BF16C0391E007E826E /* ofShader.h */ = {isa = PBXFileReference; fileEncoding = 4; lastKnownFileType = sourcecode.c.h; path = ofShader.h; sourceTree = "<group>"; };
		035163C016C0391E007E826E /* ofTexture.cpp */ = {isa = PBXFileReference; fileEncoding = 4; lastKnownFileType = sourcecode.cpp.cpp; path = ofTexture.cpp; sourceTree = "<group>"; };
		035163C116C0391E007E826E /* ofTexture.h */ = {isa = PBXFileReference; fileEncoding = 4; lastKnownFileType = sourcecode.c.h; path = ofTexture.h; sourceTree = "<group>"; };
		035163C216C0391E007E826E /* ofVbo.cpp */ = {isa = PBXFileReference; fileEncoding = 4; lastKnownFileType = sourcecode.cpp.cpp; path = ofVbo.cpp; sourceTree = "<group>"; };
		035163C316C0391E007E826E /* ofVbo.h */ = {isa = PBXFileReference; fileEncoding = 4; lastKnownFileType = sourcecode.c.h; path = ofVbo.h; sourceTree = "<group>"; };
		035163C416C0391E007E826E /* ofVboMesh.cpp */ = {isa = PBXFileReference; fileEncoding = 4; lastKnownFileType = sourcecode.cpp.cpp; path = ofVboMesh.cpp; sourceTree = "<group>"; };
		035163C516C0391E007E826E /* ofVboMesh.h */ = {isa = PBXFileReference; fileEncoding = 4; lastKnownFileType = sourcecode.c.h; path = ofVboMesh.h; sourceTree = "<group>"; };
		035163C716C0391E007E826E /* ofBitmapFont.cpp */ = {isa = PBXFileReference; fileEncoding = 4; lastKnownFileType = sourcecode.cpp.cpp; path = ofBitmapFont.cpp; sourceTree = "<group>"; };
		035163C816C0391E007E826E /* ofBitmapFont.h */ = {isa = PBXFileReference; fileEncoding = 4; lastKnownFileType = sourcecode.c.h; path = ofBitmapFont.h; sourceTree = "<group>"; };
		035163C916C0391E007E826E /* ofCairoRenderer.cpp */ = {isa = PBXFileReference; fileEncoding = 4; lastKnownFileType = sourcecode.cpp.cpp; path = ofCairoRenderer.cpp; sourceTree = "<group>"; };
		035163CA16C0391E007E826E /* ofCairoRenderer.h */ = {isa = PBXFileReference; fileEncoding = 4; lastKnownFileType = sourcecode.c.h; path = ofCairoRenderer.h; sourceTree = "<group>"; };
		035163CB16C0391E007E826E /* ofGraphics.cpp */ = {isa = PBXFileReference; fileEncoding = 4; lastKnownFileType = sourcecode.cpp.cpp; path = ofGraphics.cpp; sourceTree = "<group>"; };
		035163CC16C0391E007E826E /* ofGraphics.h */ = {isa = PBXFileReference; fileEncoding = 4; lastKnownFileType = sourcecode.c.h; path = ofGraphics.h; sourceTree = "<group>"; };
		035163CD16C0391E007E826E /* ofImage.cpp */ = {isa = PBXFileReference; fileEncoding = 4; lastKnownFileType = sourcecode.cpp.cpp; path = ofImage.cpp; sourceTree = "<group>"; };
		035163CE16C0391E007E826E /* ofImage.h */ = {isa = PBXFileReference; fileEncoding = 4; lastKnownFileType = sourcecode.c.h; path = ofImage.h; sourceTree = "<group>"; };
		035163CF16C0391E007E826E /* ofPath.cpp */ = {isa = PBXFileReference; fileEncoding = 4; lastKnownFileType = sourcecode.cpp.cpp; path = ofPath.cpp; sourceTree = "<group>"; };
		035163D016C0391E007E826E /* ofPath.h */ = {isa = PBXFileReference; fileEncoding = 4; lastKnownFileType = sourcecode.c.h; path = ofPath.h; sourceTree = "<group>"; };
		035163D116C0391E007E826E /* ofPixels.cpp */ = {isa = PBXFileReference; fileEncoding = 4; lastKnownFileType = sourcecode.cpp.cpp; path = ofPixels.cpp; sourceTree = "<group>"; };
		035163D216C0391E007E826E /* ofPixels.h */ = {isa = PBXFileReference; fileEncoding = 4; lastKnownFileType = sourcecode.c.h; path = ofPixels.h; sourceTree = "<group>"; };
		035163D316C0391E007E826E /* ofPolyline.cpp */ = {isa = PBXFileReference; fileEncoding = 4; lastKnownFileType = sourcecode.cpp.cpp; path = ofPolyline.cpp; sourceTree = "<group>"; };
		035163D416C0391E007E826E /* ofPolyline.h */ = {isa = PBXFileReference; fileEncoding = 4; lastKnownFileType = sourcecode.c.h; path = ofPolyline.h; sourceTree = "<group>"; };
		035163D516C0391E007E826E /* ofRendererCollection.h */ = {isa = PBXFileReference; fileEncoding = 4; lastKnownFileType = sourcecode.c.h; path = ofRendererCollection.h; sourceTree = "<group>"; };
		035163D616C0391E007E826E /* ofTessellator.cpp */ = {isa = PBXFileReference; fileEncoding = 4; lastKnownFileType = sourcecode.cpp.cpp; path = ofTessellator.cpp; sourceTree = "<group>"; };
		035163D716C0391E007E826E /* ofTessellator.h */ = {isa = PBXFileReference; fileEncoding = 4; lastKnownFileType = sourcecode.c.h; path = ofTessellator.h; sourceTree = "<group>"; };
		035163D816C0391E007E826E /* ofTrueTypeFont.cpp */ = {isa = PBXFileReference; fileEncoding = 4; lastKnownFileType = sourcecode.cpp.cpp; path = ofTrueTypeFont.cpp; sourceTree = "<group>"; };
		035163D916C0391E007E826E /* ofTrueTypeFont.h */ = {isa = PBXFileReference; fileEncoding = 4; lastKnownFileType = sourcecode.c.h; path = ofTrueTypeFont.h; sourceTree = "<group>"; };
		035163DB16C0391E007E826E /* ofMath.cpp */ = {isa = PBXFileReference; fileEncoding = 4; lastKnownFileType = sourcecode.cpp.cpp; path = ofMath.cpp; sourceTree = "<group>"; };
		035163DC16C0391E007E826E /* ofMath.h */ = {isa = PBXFileReference; fileEncoding = 4; lastKnownFileType = sourcecode.c.h; path = ofMath.h; sourceTree = "<group>"; };
		035163DD16C0391E007E826E /* ofMatrix3x3.cpp */ = {isa = PBXFileReference; fileEncoding = 4; lastKnownFileType = sourcecode.cpp.cpp; path = ofMatrix3x3.cpp; sourceTree = "<group>"; };
		035163DE16C0391E007E826E /* ofMatrix3x3.h */ = {isa = PBXFileReference; fileEncoding = 4; lastKnownFileType = sourcecode.c.h; path = ofMatrix3x3.h; sourceTree = "<group>"; };
		035163DF16C0391E007E826E /* ofMatrix4x4.cpp */ = {isa = PBXFileReference; fileEncoding = 4; lastKnownFileType = sourcecode.cpp.cpp; path = ofMatrix4x4.cpp; sourceTree = "<group>"; };
		035163E016C0391E007E826E /* ofMatrix4x4.h */ = {isa = PBXFileReference; fileEncoding = 4; lastKnownFileType = sourcecode.c.h; path = ofMatrix4x4.h; sourceTree = "<group>"; };
		035163E116C0391E007E826E /* ofQuaternion.cpp */ = {isa = PBXFileReference; fileEncoding = 4; lastKnownFileType = sourcecode.cpp.cpp; path = ofQuaternion.cpp; sourceTree = "<group>"; };
		035163E216C0391E007E826E /* ofQuaternion.h */ = {isa = PBXFileReference; fileEncoding = 4; lastKnownFileType = sourcecode.c.h; path = ofQuaternion.h; sourceTree = "<group>"; };
		035163E316C0391E007E826E /* ofVec2.cpp */ = {isa = PBXFileReference; fileEncoding = 4; lastKnownFileType = sourcecode.cpp.cpp; path = ofVec2.cpp; sourceTree = "<group>"; };
		035163E416C0391E007E826E /* ofVec2.h */ = {isa = PBXFileReference; fileEncoding = 4; lastKnownFileType = sourcecode.c.h; path = ofVec2.h; sourceTree = "<group>"; };
		035163E516C0391E007E826E /* ofVec3.h */ = {isa = PBXFileReference; fileEncoding = 4; lastKnownFileType = sourcecode.c.h; path = ofVec3.h; sourceTree = "<group>"; };
		035163E616C0391E007E826E /* ofVec4.cpp */ = {isa = PBXFileReference; fileEncoding = 4; lastKnownFileType = sourcecode.cpp.cpp; path = ofVec4.cpp; sourceTree = "<group>"; };
		035163E716C0391E007E826E /* ofVec4.h */ = {isa = PBXFileReference; fileEncoding = 4; lastKnownFileType = sourcecode.c.h; path = ofVec4.h; sourceTree = "<group>"; };
		035163E816C0391E007E826E /* ofVectorMath.h */ = {isa = PBXFileReference; fileEncoding = 4; lastKnownFileType = sourcecode.c.h; path = ofVectorMath.h; sourceTree = "<group>"; };
		035163EA16C0391E007E826E /* ofBaseSoundPlayer.cpp */ = {isa = PBXFileReference; fileEncoding = 4; lastKnownFileType = sourcecode.cpp.cpp; path = ofBaseSoundPlayer.cpp; sourceTree = "<group>"; };
		035163EB16C0391E007E826E /* ofBaseSoundPlayer.h */ = {isa = PBXFileReference; fileEncoding = 4; lastKnownFileType = sourcecode.c.h; path = ofBaseSoundPlayer.h; sourceTree = "<group>"; };
		035163EC16C0391E007E826E /* ofBaseSoundStream.cpp */ = {isa = PBXFileReference; fileEncoding = 4; lastKnownFileType = sourcecode.cpp.cpp; path = ofBaseSoundStream.cpp; sourceTree = "<group>"; };
		035163ED16C0391E007E826E /* ofBaseSoundStream.h */ = {isa = PBXFileReference; fileEncoding = 4; lastKnownFileType = sourcecode.c.h; path = ofBaseSoundStream.h; sourceTree = "<group>"; };
		035163EE16C0391E007E826E /* ofFmodSoundPlayer.cpp */ = {isa = PBXFileReference; fileEncoding = 4; lastKnownFileType = sourcecode.cpp.cpp; path = ofFmodSoundPlayer.cpp; sourceTree = "<group>"; };
		035163EF16C0391E007E826E /* ofFmodSoundPlayer.h */ = {isa = PBXFileReference; fileEncoding = 4; lastKnownFileType = sourcecode.c.h; path = ofFmodSoundPlayer.h; sourceTree = "<group>"; };
		035163F016C0391E007E826E /* ofOpenALSoundPlayer.cpp */ = {isa = PBXFileReference; fileEncoding = 4; lastKnownFileType = sourcecode.cpp.cpp; path = ofOpenALSoundPlayer.cpp; sourceTree = "<group>"; };
		035163F116C0391E007E826E /* ofOpenALSoundPlayer.h */ = {isa = PBXFileReference; fileEncoding = 4; lastKnownFileType = sourcecode.c.h; path = ofOpenALSoundPlayer.h; sourceTree = "<group>"; };
		035163F216C0391E007E826E /* ofPASoundStream.cpp */ = {isa = PBXFileReference; fileEncoding = 4; lastKnownFileType = sourcecode.cpp.cpp; path = ofPASoundStream.cpp; sourceTree = "<group>"; };
		035163F316C0391E007E826E /* ofPASoundStream.h */ = {isa = PBXFileReference; fileEncoding = 4; lastKnownFileType = sourcecode.c.h; path = ofPASoundStream.h; sourceTree = "<group>"; };
		035163F416C0391E007E826E /* ofRtAudioSoundStream.cpp */ = {isa = PBXFileReference; fileEncoding = 4; lastKnownFileType = sourcecode.cpp.cpp; path = ofRtAudioSoundStream.cpp; sourceTree = "<group>"; };
		035163F516C0391E007E826E /* ofRtAudioSoundStream.h */ = {isa = PBXFileReference; fileEncoding = 4; lastKnownFileType = sourcecode.c.h; path = ofRtAudioSoundStream.h; sourceTree = "<group>"; };
		035163F616C0391E007E826E /* ofSoundPlayer.cpp */ = {isa = PBXFileReference; fileEncoding = 4; lastKnownFileType = sourcecode.cpp.cpp; path = ofSoundPlayer.cpp; sourceTree = "<group>"; };
		035163F716C0391E007E826E /* ofSoundPlayer.h */ = {isa = PBXFileReference; fileEncoding = 4; lastKnownFileType = sourcecode.c.h; path = ofSoundPlayer.h; sourceTree = "<group>"; };
		035163F816C0391E007E826E /* ofSoundStream.cpp */ = {isa = PBXFileReference; fileEncoding = 4; lastKnownFileType = sourcecode.cpp.cpp; path = ofSoundStream.cpp; sourceTree = "<group>"; };
		035163F916C0391E007E826E /* ofSoundStream.h */ = {isa = PBXFileReference; fileEncoding = 4; lastKnownFileType = sourcecode.c.h; path = ofSoundStream.h; sourceTree = "<group>"; };
		035163FB16C0391E007E826E /* ofBaseTypes.cpp */ = {isa = PBXFileReference; fileEncoding = 4; lastKnownFileType = sourcecode.cpp.cpp; path = ofBaseTypes.cpp; sourceTree = "<group>"; };
		035163FC16C0391E007E826E /* ofBaseTypes.h */ = {isa = PBXFileReference; fileEncoding = 4; lastKnownFileType = sourcecode.c.h; path = ofBaseTypes.h; sourceTree = "<group>"; };
		035163FD16C0391E007E826E /* ofColor.cpp */ = {isa = PBXFileReference; fileEncoding = 4; lastKnownFileType = sourcecode.cpp.cpp; path = ofColor.cpp; sourceTree = "<group>"; };
		035163FE16C0391E007E826E /* ofColor.h */ = {isa = PBXFileReference; fileEncoding = 4; lastKnownFileType = sourcecode.c.h; path = ofColor.h; sourceTree = "<group>"; };
		035163FF16C0391E007E826E /* ofPoint.cpp */ = {isa = PBXFileReference; fileEncoding = 4; lastKnownFileType = sourcecode.cpp.cpp; path = ofPoint.cpp; sourceTree = "<group>"; };
		0351640016C0391E007E826E /* ofPoint.h */ = {isa = PBXFileReference; fileEncoding = 4; lastKnownFileType = sourcecode.c.h; path = ofPoint.h; sourceTree = "<group>"; };
		0351640116C0391E007E826E /* ofRectangle.cpp */ = {isa = PBXFileReference; fileEncoding = 4; lastKnownFileType = sourcecode.cpp.cpp; path = ofRectangle.cpp; sourceTree = "<group>"; };
		0351640216C0391E007E826E /* ofRectangle.h */ = {isa = PBXFileReference; fileEncoding = 4; lastKnownFileType = sourcecode.c.h; path = ofRectangle.h; sourceTree = "<group>"; };
		0351640316C0391E007E826E /* ofTypes.h */ = {isa = PBXFileReference; fileEncoding = 4; lastKnownFileType = sourcecode.c.h; path = ofTypes.h; sourceTree = "<group>"; };
		0351640516C0391E007E826E /* ofConstants.h */ = {isa = PBXFileReference; fileEncoding = 4; lastKnownFileType = sourcecode.c.h; path = ofConstants.h; sourceTree = "<group>"; };
		0351640616C0391E007E826E /* ofFileUtils.cpp */ = {isa = PBXFileReference; fileEncoding = 4; lastKnownFileType = sourcecode.cpp.cpp; path = ofFileUtils.cpp; sourceTree = "<group>"; };
		0351640716C0391E007E826E /* ofFileUtils.h */ = {isa = PBXFileReference; fileEncoding = 4; lastKnownFileType = sourcecode.c.h; path = ofFileUtils.h; sourceTree = "<group>"; };
		0351640816C0391E007E826E /* ofLog.cpp */ = {isa = PBXFileReference; fileEncoding = 4; lastKnownFileType = sourcecode.cpp.cpp; path = ofLog.cpp; sourceTree = "<group>"; };
		0351640916C0391E007E826E /* ofLog.h */ = {isa = PBXFileReference; fileEncoding = 4; lastKnownFileType = sourcecode.c.h; path = ofLog.h; sourceTree = "<group>"; };
		0351640A16C0391E007E826E /* ofNoise.h */ = {isa = PBXFileReference; fileEncoding = 4; lastKnownFileType = sourcecode.c.h; path = ofNoise.h; sourceTree = "<group>"; };
		0351640B16C0391E007E826E /* ofSystemUtils.cpp */ = {isa = PBXFileReference; fileEncoding = 4; lastKnownFileType = sourcecode.cpp.cpp; path = ofSystemUtils.cpp; sourceTree = "<group>"; };
		0351640C16C0391E007E826E /* ofSystemUtils.h */ = {isa = PBXFileReference; fileEncoding = 4; lastKnownFileType = sourcecode.c.h; path = ofSystemUtils.h; sourceTree = "<group>"; };
		0351640D16C0391E007E826E /* ofThread.cpp */ = {isa = PBXFileReference; fileEncoding = 4; lastKnownFileType = sourcecode.cpp.cpp; path = ofThread.cpp; sourceTree = "<group>"; };
		0351640E16C0391E007E826E /* ofThread.h */ = {isa = PBXFileReference; fileEncoding = 4; lastKnownFileType = sourcecode.c.h; path = ofThread.h; sourceTree = "<group>"; };
		0351640F16C0391E007E826E /* ofURLFileLoader.cpp */ = {isa = PBXFileReference; fileEncoding = 4; lastKnownFileType = sourcecode.cpp.cpp; path = ofURLFileLoader.cpp; sourceTree = "<group>"; };
		0351641016C0391E007E826E /* ofURLFileLoader.h */ = {isa = PBXFileReference; fileEncoding = 4; lastKnownFileType = sourcecode.c.h; path = ofURLFileLoader.h; sourceTree = "<group>"; };
		0351641116C0391E007E826E /* ofUtils.cpp */ = {isa = PBXFileReference; fileEncoding = 4; lastKnownFileType = sourcecode.cpp.cpp; path = ofUtils.cpp; sourceTree = "<group>"; };
		0351641216C0391E007E826E /* ofUtils.h */ = {isa = PBXFileReference; fileEncoding = 4; lastKnownFileType = sourcecode.c.h; path = ofUtils.h; sourceTree = "<group>"; };
		0351641416C0391E007E826E /* ofDirectShowGrabber.cpp */ = {isa = PBXFileReference; fileEncoding = 4; lastKnownFileType = sourcecode.cpp.cpp; path = ofDirectShowGrabber.cpp; sourceTree = "<group>"; };
		0351641516C0391E007E826E /* ofDirectShowGrabber.h */ = {isa = PBXFileReference; fileEncoding = 4; lastKnownFileType = sourcecode.c.h; path = ofDirectShowGrabber.h; sourceTree = "<group>"; };
		0351641616C0391E007E826E /* ofGstUtils.cpp */ = {isa = PBXFileReference; fileEncoding = 4; lastKnownFileType = sourcecode.cpp.cpp; path = ofGstUtils.cpp; sourceTree = "<group>"; };
		0351641716C0391E007E826E /* ofGstUtils.h */ = {isa = PBXFileReference; fileEncoding = 4; lastKnownFileType = sourcecode.c.h; path = ofGstUtils.h; sourceTree = "<group>"; };
		0351641816C0391E007E826E /* ofGstVideoGrabber.cpp */ = {isa = PBXFileReference; fileEncoding = 4; lastKnownFileType = sourcecode.cpp.cpp; path = ofGstVideoGrabber.cpp; sourceTree = "<group>"; };
		0351641916C0391E007E826E /* ofGstVideoGrabber.h */ = {isa = PBXFileReference; fileEncoding = 4; lastKnownFileType = sourcecode.c.h; path = ofGstVideoGrabber.h; sourceTree = "<group>"; };
		0351641A16C0391E007E826E /* ofGstVideoPlayer.cpp */ = {isa = PBXFileReference; fileEncoding = 4; lastKnownFileType = sourcecode.cpp.cpp; path = ofGstVideoPlayer.cpp; sourceTree = "<group>"; };
		0351641B16C0391E007E826E /* ofGstVideoPlayer.h */ = {isa = PBXFileReference; fileEncoding = 4; lastKnownFileType = sourcecode.c.h; path = ofGstVideoPlayer.h; sourceTree = "<group>"; };
		0351641C16C0391E007E826E /* ofQTKitGrabber.h */ = {isa = PBXFileReference; fileEncoding = 4; lastKnownFileType = sourcecode.c.h; path = ofQTKitGrabber.h; sourceTree = "<group>"; };
		0351641D16C0391E007E826E /* ofQTKitGrabber.mm */ = {isa = PBXFileReference; fileEncoding = 4; lastKnownFileType = sourcecode.cpp.objcpp; path = ofQTKitGrabber.mm; sourceTree = "<group>"; };
		0351641E16C0391E007E826E /* ofQTKitMovieRenderer.h */ = {isa = PBXFileReference; fileEncoding = 4; lastKnownFileType = sourcecode.c.h; path = ofQTKitMovieRenderer.h; sourceTree = "<group>"; };
		0351641F16C0391E007E826E /* ofQTKitMovieRenderer.m */ = {isa = PBXFileReference; fileEncoding = 4; lastKnownFileType = sourcecode.c.objc; path = ofQTKitMovieRenderer.m; sourceTree = "<group>"; };
		0351642016C0391E007E826E /* ofQTKitPlayer.h */ = {isa = PBXFileReference; fileEncoding = 4; lastKnownFileType = sourcecode.c.h; path = ofQTKitPlayer.h; sourceTree = "<group>"; };
		0351642116C0391E007E826E /* ofQTKitPlayer.mm */ = {isa = PBXFileReference; fileEncoding = 4; lastKnownFileType = sourcecode.cpp.objcpp; path = ofQTKitPlayer.mm; sourceTree = "<group>"; };
		0351642216C0391E007E826E /* ofQtUtils.cpp */ = {isa = PBXFileReference; fileEncoding = 4; lastKnownFileType = sourcecode.cpp.cpp; path = ofQtUtils.cpp; sourceTree = "<group>"; };
		0351642316C0391E007E826E /* ofQtUtils.h */ = {isa = PBXFileReference; fileEncoding = 4; lastKnownFileType = sourcecode.c.h; path = ofQtUtils.h; sourceTree = "<group>"; };
		0351642416C0391E007E826E /* ofQuickTimeGrabber.cpp */ = {isa = PBXFileReference; fileEncoding = 4; lastKnownFileType = sourcecode.cpp.cpp; path = ofQuickTimeGrabber.cpp; sourceTree = "<group>"; };
		0351642516C0391E007E826E /* ofQuickTimeGrabber.h */ = {isa = PBXFileReference; fileEncoding = 4; lastKnownFileType = sourcecode.c.h; path = ofQuickTimeGrabber.h; sourceTree = "<group>"; };
		0351642616C0391E007E826E /* ofQuickTimePlayer.cpp */ = {isa = PBXFileReference; fileEncoding = 4; lastKnownFileType = sourcecode.cpp.cpp; path = ofQuickTimePlayer.cpp; sourceTree = "<group>"; };
		0351642716C0391E007E826E /* ofQuickTimePlayer.h */ = {isa = PBXFileReference; fileEncoding = 4; lastKnownFileType = sourcecode.c.h; path = ofQuickTimePlayer.h; sourceTree = "<group>"; };
		0351642816C0391E007E826E /* ofVideoGrabber.cpp */ = {isa = PBXFileReference; fileEncoding = 4; lastKnownFileType = sourcecode.cpp.cpp; path = ofVideoGrabber.cpp; sourceTree = "<group>"; };
		0351642916C0391E007E826E /* ofVideoGrabber.h */ = {isa = PBXFileReference; fileEncoding = 4; lastKnownFileType = sourcecode.c.h; path = ofVideoGrabber.h; sourceTree = "<group>"; };
		0351642A16C0391E007E826E /* ofVideoPlayer.cpp */ = {isa = PBXFileReference; fileEncoding = 4; lastKnownFileType = sourcecode.cpp.cpp; path = ofVideoPlayer.cpp; sourceTree = "<group>"; };
		0351642B16C0391E007E826E /* ofVideoPlayer.h */ = {isa = PBXFileReference; fileEncoding = 4; lastKnownFileType = sourcecode.c.h; path = ofVideoPlayer.h; sourceTree = "<group>"; };
		0351648116C039BA007E826E /* ofVecT_testApp.cpp */ = {isa = PBXFileReference; fileEncoding = 4; lastKnownFileType = sourcecode.cpp.cpp; path = ofVecT_testApp.cpp; sourceTree = "<group>"; };
		0351648216C039BA007E826E /* ofVecT_testApp.h */ = {isa = PBXFileReference; fileEncoding = 4; lastKnownFileType = sourcecode.c.h; path = ofVecT_testApp.h; sourceTree = "<group>"; };
		0351648516C039BB007E826E /* _ofVec.h */ = {isa = PBXFileReference; fileEncoding = 4; lastKnownFileType = sourcecode.c.h; path = _ofVec.h; sourceTree = "<group>"; };
		0351648616C039BB007E826E /* _ofVec2.cpp */ = {isa = PBXFileReference; fileEncoding = 4; lastKnownFileType = sourcecode.cpp.cpp; path = _ofVec2.cpp; sourceTree = "<group>"; };
		0351648716C039BB007E826E /* _ofVec2.h */ = {isa = PBXFileReference; fileEncoding = 4; lastKnownFileType = sourcecode.c.h; path = _ofVec2.h; sourceTree = "<group>"; };
		0351648A16C039BB007E826E /* _ofVec3.cpp */ = {isa = PBXFileReference; fileEncoding = 4; lastKnownFileType = sourcecode.cpp.cpp; path = _ofVec3.cpp; sourceTree = "<group>"; };
		0351648B16C039BB007E826E /* _ofVec3.h */ = {isa = PBXFileReference; fileEncoding = 4; lastKnownFileType = sourcecode.c.h; path = _ofVec3.h; sourceTree = "<group>"; };
		0351648C16C039BB007E826E /* _ofVec4.cpp */ = {isa = PBXFileReference; fileEncoding = 4; lastKnownFileType = sourcecode.cpp.cpp; path = _ofVec4.cpp; sourceTree = "<group>"; };
		0351648D16C039BB007E826E /* _ofVec4.h */ = {isa = PBXFileReference; fileEncoding = 4; lastKnownFileType = sourcecode.c.h; path = _ofVec4.h; sourceTree = "<group>"; };
		0351648E16C039BB007E826E /* _ofVecT.h */ = {isa = PBXFileReference; fileEncoding = 4; lastKnownFileType = sourcecode.c.h; path = _ofVecT.h; sourceTree = "<group>"; };
		035D91E116BC6C8E00587D9D /* ofVecT_test.h */ = {isa = PBXFileReference; fileEncoding = 4; lastKnownFileType = sourcecode.c.h; path = ofVecT_test.h; sourceTree = "<group>"; };
		03B7015A16C2024900BA0C24 /* _ofMatrix3x3.h */ = {isa = PBXFileReference; fileEncoding = 4; lastKnownFileType = sourcecode.c.h; path = _ofMatrix3x3.h; sourceTree = "<group>"; };
		03B7015B16C2024900BA0C24 /* _ofMatrix3x3.cpp */ = {isa = PBXFileReference; fileEncoding = 4; lastKnownFileType = sourcecode.cpp.cpp; path = _ofMatrix3x3.cpp; sourceTree = "<group>"; };
		03B7015D16C2025800BA0C24 /* _ofMatrix4x4.h */ = {isa = PBXFileReference; fileEncoding = 4; lastKnownFileType = sourcecode.c.h; path = _ofMatrix4x4.h; sourceTree = "<group>"; };
		03B7015E16C2025800BA0C24 /* _ofMatrix4x4.cpp */ = {isa = PBXFileReference; fileEncoding = 4; lastKnownFileType = sourcecode.cpp.cpp; path = _ofMatrix4x4.cpp; sourceTree = "<group>"; };
		03B7017C16C202AB00BA0C24 /* ofMatrixT_testApp.h */ = {isa = PBXFileReference; fileEncoding = 4; lastKnownFileType = sourcecode.c.h; path = ofMatrixT_testApp.h; sourceTree = "<group>"; };
		03B7017D16C202AB00BA0C24 /* ofMatrixT_testApp.cpp */ = {isa = PBXFileReference; fileEncoding = 4; lastKnownFileType = sourcecode.cpp.cpp; path = ofMatrixT_testApp.cpp; sourceTree = "<group>"; };
		03B701B716C2055100BA0C24 /* _ofQuaternionT.h */ = {isa = PBXFileReference; fileEncoding = 4; lastKnownFileType = sourcecode.c.h; path = _ofQuaternionT.h; sourceTree = "<group>"; };
		03B701B816C2055100BA0C24 /* _ofQuaternionT.cpp */ = {isa = PBXFileReference; fileEncoding = 4; lastKnownFileType = sourcecode.cpp.cpp; path = _ofQuaternionT.cpp; sourceTree = "<group>"; };
		03B7FB0916C0C27800BA0C24 /* ofVecT.h */ = {isa = PBXFileReference; fileEncoding = 4; lastKnownFileType = sourcecode.c.h; path = ofVecT.h; sourceTree = "<group>"; };
		03B7FB0A16C0C28400BA0C24 /* ofVec.h */ = {isa = PBXFileReference; fileEncoding = 4; lastKnownFileType = sourcecode.c.h; path = ofVec.h; sourceTree = "<group>"; };
		03B7FEBE16C1880300BA0C24 /* ofQuaternionT_test.h */ = {isa = PBXFileReference; fileEncoding = 4; lastKnownFileType = sourcecode.c.h; path = ofQuaternionT_test.h; sourceTree = "<group>"; };
		03B7FEE716C189A800BA0C24 /* ofMatrix4x4T_test.h */ = {isa = PBXFileReference; fileEncoding = 4; lastKnownFileType = sourcecode.c.h; path = ofMatrix4x4T_test.h; sourceTree = "<group>"; };
		03B7FEF616C18B6C00BA0C24 /* ofMatrix3x3T_test.h */ = {isa = PBXFileReference; fileEncoding = 4; lastKnownFileType = sourcecode.c.h; path = ofMatrix3x3T_test.h; sourceTree = "<group>"; };
		03B7FF3016C18E8A00BA0C24 /* LICENSE.md */ = {isa = PBXFileReference; fileEncoding = 4; lastKnownFileType = text; path = LICENSE.md; sourceTree = "<group>"; };
		03B7FF3116C18E8A00BA0C24 /* README.md */ = {isa = PBXFileReference; fileEncoding = 4; lastKnownFileType = text; path = README.md; sourceTree = "<group>"; };
		03B7FF3916C18E8A00BA0C24 /* CMakeLists.txt */ = {isa = PBXFileReference; fileEncoding = 4; lastKnownFileType = text; path = CMakeLists.txt; sourceTree = "<group>"; };
		03B7FF3A16C18E8A00BA0C24 /* hayai-benchmarker.hpp */ = {isa = PBXFileReference; fileEncoding = 4; lastKnownFileType = sourcecode.cpp.h; path = "hayai-benchmarker.hpp"; sourceTree = "<group>"; };
		03B7FF3B16C18E8A00BA0C24 /* hayai-console.hpp */ = {isa = PBXFileReference; fileEncoding = 4; lastKnownFileType = sourcecode.cpp.h; path = "hayai-console.hpp"; sourceTree = "<group>"; };
		03B7FF3C16C18E8A00BA0C24 /* hayai-defaulttestfactory.hpp */ = {isa = PBXFileReference; fileEncoding = 4; lastKnownFileType = sourcecode.cpp.h; path = "hayai-defaulttestfactory.hpp"; sourceTree = "<group>"; };
		03B7FF3D16C18E8A00BA0C24 /* hayai-fixture.hpp */ = {isa = PBXFileReference; fileEncoding = 4; lastKnownFileType = sourcecode.cpp.h; path = "hayai-fixture.hpp"; sourceTree = "<group>"; };
		03B7FF3E16C18E8A00BA0C24 /* hayai-posixmain.cpp */ = {isa = PBXFileReference; fileEncoding = 4; lastKnownFileType = sourcecode.cpp.cpp; path = "hayai-posixmain.cpp"; sourceTree = "<group>"; };
		03B7FF3F16C18E8A00BA0C24 /* hayai-test.hpp */ = {isa = PBXFileReference; fileEncoding = 4; lastKnownFileType = sourcecode.cpp.h; path = "hayai-test.hpp"; sourceTree = "<group>"; };
		03B7FF4016C18E8A00BA0C24 /* hayai-testdescriptor.hpp */ = {isa = PBXFileReference; fileEncoding = 4; lastKnownFileType = sourcecode.cpp.h; path = "hayai-testdescriptor.hpp"; sourceTree = "<group>"; };
		03B7FF4116C18E8A00BA0C24 /* hayai-testfactory.hpp */ = {isa = PBXFileReference; fileEncoding = 4; lastKnownFileType = sourcecode.cpp.h; path = "hayai-testfactory.hpp"; sourceTree = "<group>"; };
		03B7FF4216C18E8A00BA0C24 /* hayai.hpp */ = {isa = PBXFileReference; fileEncoding = 4; lastKnownFileType = sourcecode.cpp.h; path = hayai.hpp; sourceTree = "<group>"; };
		03B7FF5B16C18F5500BA0C24 /* ofVecT_Benchmark.h */ = {isa = PBXFileReference; fileEncoding = 4; lastKnownFileType = sourcecode.c.h; path = ofVecT_Benchmark.h; sourceTree = "<group>"; };
		03B7FF6316C18FB600BA0C24 /* ofVec4T_test.h */ = {isa = PBXFileReference; fileEncoding = 4; lastKnownFileType = sourcecode.c.h; path = ofVec4T_test.h; sourceTree = "<group>"; };
		03B7FF6416C18FC700BA0C24 /* ofVec2T_test.h */ = {isa = PBXFileReference; fileEncoding = 4; lastKnownFileType = sourcecode.c.h; path = ofVec2T_test.h; sourceTree = "<group>"; };
		03F7C17216B183A8009E009E /* config.h */ = {isa = PBXFileReference; fileEncoding = 4; lastKnownFileType = sourcecode.c.h; path = config.h; sourceTree = "<group>"; };
		03F7C1C316B206C5009E009E /* collectoroutput.cpp */ = {isa = PBXFileReference; fileEncoding = 4; lastKnownFileType = sourcecode.cpp.cpp; path = collectoroutput.cpp; sourceTree = "<group>"; };
		03F7C1C416B206C5009E009E /* compileroutput.cpp */ = {isa = PBXFileReference; fileEncoding = 4; lastKnownFileType = sourcecode.cpp.cpp; path = compileroutput.cpp; sourceTree = "<group>"; };
		03F7C1C516B206C5009E009E /* cpptest-assert.h */ = {isa = PBXFileReference; fileEncoding = 4; lastKnownFileType = sourcecode.c.h; path = "cpptest-assert.h"; sourceTree = "<group>"; };
		03F7C1C616B206C5009E009E /* cpptest-collectoroutput.h */ = {isa = PBXFileReference; fileEncoding = 4; lastKnownFileType = sourcecode.c.h; path = "cpptest-collectoroutput.h"; sourceTree = "<group>"; };
		03F7C1C716B206C5009E009E /* cpptest-compileroutput.h */ = {isa = PBXFileReference; fileEncoding = 4; lastKnownFileType = sourcecode.c.h; path = "cpptest-compileroutput.h"; sourceTree = "<group>"; };
		03F7C1C816B206C5009E009E /* cpptest-htmloutput.h */ = {isa = PBXFileReference; fileEncoding = 4; lastKnownFileType = sourcecode.c.h; path = "cpptest-htmloutput.h"; sourceTree = "<group>"; };
		03F7C1C916B206C5009E009E /* cpptest-output.h */ = {isa = PBXFileReference; fileEncoding = 4; lastKnownFileType = sourcecode.c.h; path = "cpptest-output.h"; sourceTree = "<group>"; };
		03F7C1CA16B206C5009E009E /* cpptest-source.h */ = {isa = PBXFileReference; fileEncoding = 4; lastKnownFileType = sourcecode.c.h; path = "cpptest-source.h"; sourceTree = "<group>"; };
		03F7C1CB16B206C5009E009E /* cpptest-suite.h */ = {isa = PBXFileReference; fileEncoding = 4; lastKnownFileType = sourcecode.c.h; path = "cpptest-suite.h"; sourceTree = "<group>"; };
		03F7C1CC16B206C5009E009E /* cpptest-textoutput.h */ = {isa = PBXFileReference; fileEncoding = 4; lastKnownFileType = sourcecode.c.h; path = "cpptest-textoutput.h"; sourceTree = "<group>"; };
		03F7C1CD16B206C5009E009E /* cpptest-time.h */ = {isa = PBXFileReference; fileEncoding = 4; lastKnownFileType = sourcecode.c.h; path = "cpptest-time.h"; sourceTree = "<group>"; };
		03F7C1CE16B206C5009E009E /* cpptest.h */ = {isa = PBXFileReference; fileEncoding = 4; lastKnownFileType = sourcecode.c.h; path = cpptest.h; sourceTree = "<group>"; };
		03F7C1CF16B206C5009E009E /* htmloutput.cpp */ = {isa = PBXFileReference; fileEncoding = 4; lastKnownFileType = sourcecode.cpp.cpp; path = htmloutput.cpp; sourceTree = "<group>"; };
		03F7C1D116B206C5009E009E /* missing.cpp */ = {isa = PBXFileReference; fileEncoding = 4; lastKnownFileType = sourcecode.cpp.cpp; path = missing.cpp; sourceTree = "<group>"; };
		03F7C1D216B206C5009E009E /* missing.h */ = {isa = PBXFileReference; fileEncoding = 4; lastKnownFileType = sourcecode.c.h; path = missing.h; sourceTree = "<group>"; };
		03F7C1D316B206C5009E009E /* source.cpp */ = {isa = PBXFileReference; fileEncoding = 4; lastKnownFileType = sourcecode.cpp.cpp; path = source.cpp; sourceTree = "<group>"; };
		03F7C1D416B206C5009E009E /* suite.cpp */ = {isa = PBXFileReference; fileEncoding = 4; lastKnownFileType = sourcecode.cpp.cpp; path = suite.cpp; sourceTree = "<group>"; };
		03F7C1D516B206C5009E009E /* textoutput.cpp */ = {isa = PBXFileReference; fileEncoding = 4; lastKnownFileType = sourcecode.cpp.cpp; path = textoutput.cpp; sourceTree = "<group>"; };
		03F7C1D616B206C5009E009E /* time.cpp */ = {isa = PBXFileReference; fileEncoding = 4; lastKnownFileType = sourcecode.cpp.cpp; path = time.cpp; sourceTree = "<group>"; };
		03F7C1D716B206C5009E009E /* utils.cpp */ = {isa = PBXFileReference; fileEncoding = 4; lastKnownFileType = sourcecode.cpp.cpp; path = utils.cpp; sourceTree = "<group>"; };
		03F7C1D816B206C5009E009E /* utils.h */ = {isa = PBXFileReference; fileEncoding = 4; lastKnownFileType = sourcecode.c.h; path = utils.h; sourceTree = "<group>"; };
		03F7C2B716B24181009E009E /* ofVec3T_test.h */ = {isa = PBXFileReference; fileEncoding = 4; lastKnownFileType = sourcecode.c.h; path = ofVec3T_test.h; sourceTree = "<group>"; };
		03F7C2D716B24C1B009E009E /* ofColor_test.h */ = {isa = PBXFileReference; fileEncoding = 4; lastKnownFileType = sourcecode.c.h; path = ofColor_test.h; sourceTree = "<group>"; };
		03F7C3C616B39817009E009E /* ofImage_test.h */ = {isa = PBXFileReference; fileEncoding = 4; lastKnownFileType = sourcecode.c.h; path = ofImage_test.h; sourceTree = "<group>"; };
		03F7C3D016B39A38009E009E /* ofCoreTests.h */ = {isa = PBXFileReference; fileEncoding = 4; lastKnownFileType = sourcecode.c.h; path = ofCoreTests.h; sourceTree = "<group>"; };
		03F7C45916B3A559009E009E /* ofPixels_test.h */ = {isa = PBXFileReference; fileEncoding = 4; lastKnownFileType = sourcecode.c.h; path = ofPixels_test.h; sourceTree = "<group>"; };
		03F7C5DB16B651A5009E009E /* ofSystemUtils_test.h */ = {isa = PBXFileReference; fileEncoding = 4; lastKnownFileType = sourcecode.c.h; path = ofSystemUtils_test.h; sourceTree = "<group>"; };
		03F7C63616B66048009E009E /* ofUtils_test.h */ = {isa = PBXFileReference; fileEncoding = 4; lastKnownFileType = sourcecode.c.h; path = ofUtils_test.h; sourceTree = "<group>"; };
		03F7C70016B70021009E009E /* ofUtils_DateTimeFrame_test.h */ = {isa = PBXFileReference; fileEncoding = 4; lastKnownFileType = sourcecode.c.h; path = ofUtils_DateTimeFrame_test.h; sourceTree = "<group>"; };
		03F7C70516B7006E009E009E /* ofUtils_ofAppPaths_test.h */ = {isa = PBXFileReference; fileEncoding = 4; lastKnownFileType = sourcecode.c.h; path = ofUtils_ofAppPaths_test.h; sourceTree = "<group>"; };
		BBAB23BE13894E4700AA2426 /* GLUT.framework */ = {isa = PBXFileReference; lastKnownFileType = wrapper.framework; name = GLUT.framework; path = ../../../libs/glut/lib/osx/GLUT.framework; sourceTree = "<group>"; };
		E4328143138ABC890047C5CB /* openFrameworksLib.xcodeproj */ = {isa = PBXFileReference; lastKnownFileType = "wrapper.pb-project"; name = openFrameworksLib.xcodeproj; path = ../../../libs/openFrameworksCompiled/project/osx/openFrameworksLib.xcodeproj; sourceTree = SOURCE_ROOT; };
		E45BE9710E8CC7DD009D7055 /* AGL.framework */ = {isa = PBXFileReference; lastKnownFileType = wrapper.framework; name = AGL.framework; path = /System/Library/Frameworks/AGL.framework; sourceTree = "<absolute>"; };
		E45BE9720E8CC7DD009D7055 /* ApplicationServices.framework */ = {isa = PBXFileReference; lastKnownFileType = wrapper.framework; name = ApplicationServices.framework; path = /System/Library/Frameworks/ApplicationServices.framework; sourceTree = "<absolute>"; };
		E45BE9730E8CC7DD009D7055 /* AudioToolbox.framework */ = {isa = PBXFileReference; lastKnownFileType = wrapper.framework; name = AudioToolbox.framework; path = /System/Library/Frameworks/AudioToolbox.framework; sourceTree = "<absolute>"; };
		E45BE9740E8CC7DD009D7055 /* Carbon.framework */ = {isa = PBXFileReference; lastKnownFileType = wrapper.framework; name = Carbon.framework; path = /System/Library/Frameworks/Carbon.framework; sourceTree = "<absolute>"; };
		E45BE9750E8CC7DD009D7055 /* CoreAudio.framework */ = {isa = PBXFileReference; lastKnownFileType = wrapper.framework; name = CoreAudio.framework; path = /System/Library/Frameworks/CoreAudio.framework; sourceTree = "<absolute>"; };
		E45BE9760E8CC7DD009D7055 /* CoreFoundation.framework */ = {isa = PBXFileReference; lastKnownFileType = wrapper.framework; name = CoreFoundation.framework; path = /System/Library/Frameworks/CoreFoundation.framework; sourceTree = "<absolute>"; };
		E45BE9770E8CC7DD009D7055 /* CoreServices.framework */ = {isa = PBXFileReference; lastKnownFileType = wrapper.framework; name = CoreServices.framework; path = /System/Library/Frameworks/CoreServices.framework; sourceTree = "<absolute>"; };
		E45BE9790E8CC7DD009D7055 /* OpenGL.framework */ = {isa = PBXFileReference; lastKnownFileType = wrapper.framework; name = OpenGL.framework; path = /System/Library/Frameworks/OpenGL.framework; sourceTree = "<absolute>"; };
		E45BE97A0E8CC7DD009D7055 /* QuickTime.framework */ = {isa = PBXFileReference; lastKnownFileType = wrapper.framework; name = QuickTime.framework; path = /System/Library/Frameworks/QuickTime.framework; sourceTree = "<absolute>"; };
		E4B69B5B0A3A1756003C02F2 /* ofCoreTestDebug.app */ = {isa = PBXFileReference; explicitFileType = wrapper.application; includeInIndex = 0; path = ofCoreTestDebug.app; sourceTree = BUILT_PRODUCTS_DIR; };
		E4B69E1D0A3A1BDC003C02F2 /* main.cpp */ = {isa = PBXFileReference; fileEncoding = 30; lastKnownFileType = sourcecode.cpp.cpp; path = main.cpp; sourceTree = "<group>"; };
		E4B6FCAD0C3E899E008CF71C /* openFrameworks-Info.plist */ = {isa = PBXFileReference; fileEncoding = 30; lastKnownFileType = text.plist.xml; path = "openFrameworks-Info.plist"; sourceTree = "<group>"; };
		E4C2424410CC5A17004149E2 /* AppKit.framework */ = {isa = PBXFileReference; lastKnownFileType = wrapper.framework; name = AppKit.framework; path = /System/Library/Frameworks/AppKit.framework; sourceTree = "<absolute>"; };
		E4C2424510CC5A17004149E2 /* Cocoa.framework */ = {isa = PBXFileReference; lastKnownFileType = wrapper.framework; name = Cocoa.framework; path = /System/Library/Frameworks/Cocoa.framework; sourceTree = "<absolute>"; };
		E4C2424610CC5A17004149E2 /* IOKit.framework */ = {isa = PBXFileReference; lastKnownFileType = wrapper.framework; name = IOKit.framework; path = /System/Library/Frameworks/IOKit.framework; sourceTree = "<absolute>"; };
		E4EB691F138AFCF100A09F29 /* CoreOF.xcconfig */ = {isa = PBXFileReference; fileEncoding = 4; lastKnownFileType = text.xcconfig; name = CoreOF.xcconfig; path = ../../../libs/openFrameworksCompiled/project/osx/CoreOF.xcconfig; sourceTree = SOURCE_ROOT; };
		E4EB6923138AFD0F00A09F29 /* Project.xcconfig */ = {isa = PBXFileReference; fileEncoding = 4; lastKnownFileType = text.xcconfig; path = Project.xcconfig; sourceTree = "<group>"; };
		E7E077E415D3B63C0020DFD4 /* CoreVideo.framework */ = {isa = PBXFileReference; lastKnownFileType = wrapper.framework; name = CoreVideo.framework; path = /System/Library/Frameworks/CoreVideo.framework; sourceTree = "<absolute>"; };
		E7E077E715D3B6510020DFD4 /* QTKit.framework */ = {isa = PBXFileReference; lastKnownFileType = wrapper.framework; name = QTKit.framework; path = /System/Library/Frameworks/QTKit.framework; sourceTree = "<absolute>"; };
		E7F985F515E0DE99003869B5 /* Accelerate.framework */ = {isa = PBXFileReference; lastKnownFileType = wrapper.framework; name = Accelerate.framework; path = /System/Library/Frameworks/Accelerate.framework; sourceTree = "<absolute>"; };
/* End PBXFileReference section */

/* Begin PBXFrameworksBuildPhase section */
		E4B69B590A3A1756003C02F2 /* Frameworks */ = {
			isa = PBXFrameworksBuildPhase;
			buildActionMask = 2147483647;
			files = (
				E7F985F815E0DEA3003869B5 /* Accelerate.framework in Frameworks */,
				E7E077E815D3B6510020DFD4 /* QTKit.framework in Frameworks */,
				E4EB6799138ADC1D00A09F29 /* GLUT.framework in Frameworks */,
				E4328149138ABC9F0047C5CB /* openFrameworksDebug.a in Frameworks */,
				E45BE97B0E8CC7DD009D7055 /* AGL.framework in Frameworks */,
				E45BE97C0E8CC7DD009D7055 /* ApplicationServices.framework in Frameworks */,
				E45BE97D0E8CC7DD009D7055 /* AudioToolbox.framework in Frameworks */,
				E45BE97E0E8CC7DD009D7055 /* Carbon.framework in Frameworks */,
				E45BE97F0E8CC7DD009D7055 /* CoreAudio.framework in Frameworks */,
				E45BE9800E8CC7DD009D7055 /* CoreFoundation.framework in Frameworks */,
				E45BE9810E8CC7DD009D7055 /* CoreServices.framework in Frameworks */,
				E45BE9830E8CC7DD009D7055 /* OpenGL.framework in Frameworks */,
				E45BE9840E8CC7DD009D7055 /* QuickTime.framework in Frameworks */,
				E4C2424710CC5A17004149E2 /* AppKit.framework in Frameworks */,
				E4C2424810CC5A17004149E2 /* Cocoa.framework in Frameworks */,
				E4C2424910CC5A17004149E2 /* IOKit.framework in Frameworks */,
				E7E077E515D3B63C0020DFD4 /* CoreVideo.framework in Frameworks */,
			);
			runOnlyForDeploymentPostprocessing = 0;
		};
/* End PBXFrameworksBuildPhase section */

/* Begin PBXGroup section */
		0351639716C0391E007E826E /* openFrameworks */ = {
			isa = PBXGroup;
			children = (
				0351639816C0391E007E826E /* ofMain.h */,
				0351639916C0391E007E826E /* 3d */,
				035163A416C0391E007E826E /* app */,
				035163AB16C0391E007E826E /* communication */,
				035163B016C0391E007E826E /* events */,
				035163B416C0391E007E826E /* gl */,
				035163C616C0391E007E826E /* graphics */,
				035163DA16C0391E007E826E /* math */,
				035163E916C0391E007E826E /* sound */,
				035163FA16C0391E007E826E /* types */,
				0351640416C0391E007E826E /* utils */,
				0351641316C0391E007E826E /* video */,
			);
			name = openFrameworks;
			path = ../../../libs/openFrameworks;
			sourceTree = SOURCE_ROOT;
		};
		0351639916C0391E007E826E /* 3d */ = {
			isa = PBXGroup;
			children = (
				0351639A16C0391E007E826E /* of3dUtils.cpp */,
				0351639B16C0391E007E826E /* of3dUtils.h */,
				0351639C16C0391E007E826E /* ofCamera.cpp */,
				0351639D16C0391E007E826E /* ofCamera.h */,
				0351639E16C0391E007E826E /* ofEasyCam.cpp */,
				0351639F16C0391E007E826E /* ofEasyCam.h */,
				035163A016C0391E007E826E /* ofMesh.cpp */,
				035163A116C0391E007E826E /* ofMesh.h */,
				035163A216C0391E007E826E /* ofNode.cpp */,
				035163A316C0391E007E826E /* ofNode.h */,
			);
			path = 3d;
			sourceTree = "<group>";
		};
		035163A416C0391E007E826E /* app */ = {
			isa = PBXGroup;
			children = (
				035163A516C0391E007E826E /* ofAppBaseWindow.h */,
				035163A616C0391E007E826E /* ofAppGlutWindow.cpp */,
				035163A716C0391E007E826E /* ofAppGlutWindow.h */,
				035163A816C0391E007E826E /* ofAppRunner.cpp */,
				035163A916C0391E007E826E /* ofAppRunner.h */,
				035163AA16C0391E007E826E /* ofBaseApp.h */,
			);
			path = app;
			sourceTree = "<group>";
		};
		035163AB16C0391E007E826E /* communication */ = {
			isa = PBXGroup;
			children = (
				035163AC16C0391E007E826E /* ofArduino.cpp */,
				035163AD16C0391E007E826E /* ofArduino.h */,
				035163AE16C0391E007E826E /* ofSerial.cpp */,
				035163AF16C0391E007E826E /* ofSerial.h */,
			);
			path = communication;
			sourceTree = "<group>";
		};
		035163B016C0391E007E826E /* events */ = {
			isa = PBXGroup;
			children = (
				035163B116C0391E007E826E /* ofEvents.cpp */,
				035163B216C0391E007E826E /* ofEvents.h */,
				035163B316C0391E007E826E /* ofEventUtils.h */,
			);
			path = events;
			sourceTree = "<group>";
		};
		035163B416C0391E007E826E /* gl */ = {
			isa = PBXGroup;
			children = (
				035163B516C0391E007E826E /* ofFbo.cpp */,
				035163B616C0391E007E826E /* ofFbo.h */,
				035163B716C0391E007E826E /* ofGLRenderer.cpp */,
				035163B816C0391E007E826E /* ofGLRenderer.h */,
				035163B916C0391E007E826E /* ofGLUtils.h */,
				035163BA16C0391E007E826E /* ofLight.cpp */,
				035163BB16C0391E007E826E /* ofLight.h */,
				035163BC16C0391E007E826E /* ofMaterial.cpp */,
				035163BD16C0391E007E826E /* ofMaterial.h */,
				035163BE16C0391E007E826E /* ofShader.cpp */,
				035163BF16C0391E007E826E /* ofShader.h */,
				035163C016C0391E007E826E /* ofTexture.cpp */,
				035163C116C0391E007E826E /* ofTexture.h */,
				035163C216C0391E007E826E /* ofVbo.cpp */,
				035163C316C0391E007E826E /* ofVbo.h */,
				035163C416C0391E007E826E /* ofVboMesh.cpp */,
				035163C516C0391E007E826E /* ofVboMesh.h */,
			);
			path = gl;
			sourceTree = "<group>";
		};
		035163C616C0391E007E826E /* graphics */ = {
			isa = PBXGroup;
			children = (
				035163C716C0391E007E826E /* ofBitmapFont.cpp */,
				035163C816C0391E007E826E /* ofBitmapFont.h */,
				035163C916C0391E007E826E /* ofCairoRenderer.cpp */,
				035163CA16C0391E007E826E /* ofCairoRenderer.h */,
				035163CB16C0391E007E826E /* ofGraphics.cpp */,
				035163CC16C0391E007E826E /* ofGraphics.h */,
				035163CD16C0391E007E826E /* ofImage.cpp */,
				035163CE16C0391E007E826E /* ofImage.h */,
				035163CF16C0391E007E826E /* ofPath.cpp */,
				035163D016C0391E007E826E /* ofPath.h */,
				035163D116C0391E007E826E /* ofPixels.cpp */,
				035163D216C0391E007E826E /* ofPixels.h */,
				035163D316C0391E007E826E /* ofPolyline.cpp */,
				035163D416C0391E007E826E /* ofPolyline.h */,
				035163D516C0391E007E826E /* ofRendererCollection.h */,
				035163D616C0391E007E826E /* ofTessellator.cpp */,
				035163D716C0391E007E826E /* ofTessellator.h */,
				035163D816C0391E007E826E /* ofTrueTypeFont.cpp */,
				035163D916C0391E007E826E /* ofTrueTypeFont.h */,
			);
			path = graphics;
			sourceTree = "<group>";
		};
		035163DA16C0391E007E826E /* math */ = {
			isa = PBXGroup;
			children = (
				035163DB16C0391E007E826E /* ofMath.cpp */,
				035163DC16C0391E007E826E /* ofMath.h */,
				035163DD16C0391E007E826E /* ofMatrix3x3.cpp */,
				035163DE16C0391E007E826E /* ofMatrix3x3.h */,
				035163DF16C0391E007E826E /* ofMatrix4x4.cpp */,
				035163E016C0391E007E826E /* ofMatrix4x4.h */,
				035163E116C0391E007E826E /* ofQuaternion.cpp */,
				035163E216C0391E007E826E /* ofQuaternion.h */,
				03B7FB0A16C0C28400BA0C24 /* ofVec.h */,
				03B7FB0916C0C27800BA0C24 /* ofVecT.h */,
				035163E416C0391E007E826E /* ofVec2.h */,
				035163E516C0391E007E826E /* ofVec3.h */,
				035163E716C0391E007E826E /* ofVec4.h */,
				035163E316C0391E007E826E /* ofVec2.cpp */,
				035163E616C0391E007E826E /* ofVec4.cpp */,
				035163E816C0391E007E826E /* ofVectorMath.h */,
			);
			path = math;
			sourceTree = "<group>";
		};
		035163E916C0391E007E826E /* sound */ = {
			isa = PBXGroup;
			children = (
				035163EA16C0391E007E826E /* ofBaseSoundPlayer.cpp */,
				035163EB16C0391E007E826E /* ofBaseSoundPlayer.h */,
				035163EC16C0391E007E826E /* ofBaseSoundStream.cpp */,
				035163ED16C0391E007E826E /* ofBaseSoundStream.h */,
				035163EE16C0391E007E826E /* ofFmodSoundPlayer.cpp */,
				035163EF16C0391E007E826E /* ofFmodSoundPlayer.h */,
				035163F016C0391E007E826E /* ofOpenALSoundPlayer.cpp */,
				035163F116C0391E007E826E /* ofOpenALSoundPlayer.h */,
				035163F216C0391E007E826E /* ofPASoundStream.cpp */,
				035163F316C0391E007E826E /* ofPASoundStream.h */,
				035163F416C0391E007E826E /* ofRtAudioSoundStream.cpp */,
				035163F516C0391E007E826E /* ofRtAudioSoundStream.h */,
				035163F616C0391E007E826E /* ofSoundPlayer.cpp */,
				035163F716C0391E007E826E /* ofSoundPlayer.h */,
				035163F816C0391E007E826E /* ofSoundStream.cpp */,
				035163F916C0391E007E826E /* ofSoundStream.h */,
			);
			path = sound;
			sourceTree = "<group>";
		};
		035163FA16C0391E007E826E /* types */ = {
			isa = PBXGroup;
			children = (
				035163FB16C0391E007E826E /* ofBaseTypes.cpp */,
				035163FC16C0391E007E826E /* ofBaseTypes.h */,
				035163FD16C0391E007E826E /* ofColor.cpp */,
				035163FE16C0391E007E826E /* ofColor.h */,
				035163FF16C0391E007E826E /* ofPoint.cpp */,
				0351640016C0391E007E826E /* ofPoint.h */,
				0351640116C0391E007E826E /* ofRectangle.cpp */,
				0351640216C0391E007E826E /* ofRectangle.h */,
				0351640316C0391E007E826E /* ofTypes.h */,
			);
			path = types;
			sourceTree = "<group>";
		};
		0351640416C0391E007E826E /* utils */ = {
			isa = PBXGroup;
			children = (
				0351640516C0391E007E826E /* ofConstants.h */,
				0351640616C0391E007E826E /* ofFileUtils.cpp */,
				0351640716C0391E007E826E /* ofFileUtils.h */,
				0351640816C0391E007E826E /* ofLog.cpp */,
				0351640916C0391E007E826E /* ofLog.h */,
				0351640A16C0391E007E826E /* ofNoise.h */,
				0351640B16C0391E007E826E /* ofSystemUtils.cpp */,
				0351640C16C0391E007E826E /* ofSystemUtils.h */,
				0351640D16C0391E007E826E /* ofThread.cpp */,
				0351640E16C0391E007E826E /* ofThread.h */,
				0351640F16C0391E007E826E /* ofURLFileLoader.cpp */,
				0351641016C0391E007E826E /* ofURLFileLoader.h */,
				0351641116C0391E007E826E /* ofUtils.cpp */,
				0351641216C0391E007E826E /* ofUtils.h */,
			);
			path = utils;
			sourceTree = "<group>";
		};
		0351641316C0391E007E826E /* video */ = {
			isa = PBXGroup;
			children = (
				0351641416C0391E007E826E /* ofDirectShowGrabber.cpp */,
				0351641516C0391E007E826E /* ofDirectShowGrabber.h */,
				0351641616C0391E007E826E /* ofGstUtils.cpp */,
				0351641716C0391E007E826E /* ofGstUtils.h */,
				0351641816C0391E007E826E /* ofGstVideoGrabber.cpp */,
				0351641916C0391E007E826E /* ofGstVideoGrabber.h */,
				0351641A16C0391E007E826E /* ofGstVideoPlayer.cpp */,
				0351641B16C0391E007E826E /* ofGstVideoPlayer.h */,
				0351641C16C0391E007E826E /* ofQTKitGrabber.h */,
				0351641D16C0391E007E826E /* ofQTKitGrabber.mm */,
				0351641E16C0391E007E826E /* ofQTKitMovieRenderer.h */,
				0351641F16C0391E007E826E /* ofQTKitMovieRenderer.m */,
				0351642016C0391E007E826E /* ofQTKitPlayer.h */,
				0351642116C0391E007E826E /* ofQTKitPlayer.mm */,
				0351642216C0391E007E826E /* ofQtUtils.cpp */,
				0351642316C0391E007E826E /* ofQtUtils.h */,
				0351642416C0391E007E826E /* ofQuickTimeGrabber.cpp */,
				0351642516C0391E007E826E /* ofQuickTimeGrabber.h */,
				0351642616C0391E007E826E /* ofQuickTimePlayer.cpp */,
				0351642716C0391E007E826E /* ofQuickTimePlayer.h */,
				0351642816C0391E007E826E /* ofVideoGrabber.cpp */,
				0351642916C0391E007E826E /* ofVideoGrabber.h */,
				0351642A16C0391E007E826E /* ofVideoPlayer.cpp */,
				0351642B16C0391E007E826E /* ofVideoPlayer.h */,
			);
			path = video;
			sourceTree = "<group>";
		};
		0351647F16C039BA007E826E /* template-ofVec */ = {
			isa = PBXGroup;
			children = (
				0351648016C039BA007E826E /* test-app */,
				0351648316C039BA007E826E /* ofVecT */,
			);
			path = "template-ofVec";
			sourceTree = "<group>";
		};
		0351648016C039BA007E826E /* test-app */ = {
			isa = PBXGroup;
			children = (
				0351648116C039BA007E826E /* ofVecT_testApp.cpp */,
				0351648216C039BA007E826E /* ofVecT_testApp.h */,
			);
			name = "test-app";
			path = app;
			sourceTree = "<group>";
		};
		0351648316C039BA007E826E /* ofVecT */ = {
			isa = PBXGroup;
			children = (
				0351648516C039BB007E826E /* _ofVec.h */,
				0351648E16C039BB007E826E /* _ofVecT.h */,
				0351648716C039BB007E826E /* _ofVec2.h */,
				0351648B16C039BB007E826E /* _ofVec3.h */,
				0351648D16C039BB007E826E /* _ofVec4.h */,
				0351648616C039BB007E826E /* _ofVec2.cpp */,
				0351648A16C039BB007E826E /* _ofVec3.cpp */,
				0351648C16C039BB007E826E /* _ofVec4.cpp */,
			);
			path = ofVecT;
			sourceTree = "<group>";
		};
		03B7015716C2023100BA0C24 /* template-ofMatrix */ = {
			isa = PBXGroup;
			children = (
				03B7015816C2023100BA0C24 /* app */,
				03B7015916C2023100BA0C24 /* ofMatrixT */,
			);
			path = "template-ofMatrix";
			sourceTree = "<group>";
		};
		03B7015816C2023100BA0C24 /* app */ = {
			isa = PBXGroup;
			children = (
				03B7017C16C202AB00BA0C24 /* ofMatrixT_testApp.h */,
				03B7017D16C202AB00BA0C24 /* ofMatrixT_testApp.cpp */,
			);
			path = app;
			sourceTree = "<group>";
		};
		03B7015916C2023100BA0C24 /* ofMatrixT */ = {
			isa = PBXGroup;
			children = (
				03B7015A16C2024900BA0C24 /* _ofMatrix3x3.h */,
				03B7015B16C2024900BA0C24 /* _ofMatrix3x3.cpp */,
				03B7015D16C2025800BA0C24 /* _ofMatrix4x4.h */,
				03B7015E16C2025800BA0C24 /* _ofMatrix4x4.cpp */,
			);
			name = ofMatrixT;
			path = ofMatrix;
			sourceTree = "<group>";
		};
		03B701B416C2052F00BA0C24 /* template-ofQuaternion */ = {
			isa = PBXGroup;
			children = (
				03B701B516C2052F00BA0C24 /* app */,
				03B701B616C2052F00BA0C24 /* ofQuaternionT */,
			);
			path = "template-ofQuaternion";
			sourceTree = "<group>";
		};
		03B701B516C2052F00BA0C24 /* app */ = {
			isa = PBXGroup;
			children = (
			);
			path = app;
			sourceTree = "<group>";
		};
		03B701B616C2052F00BA0C24 /* ofQuaternionT */ = {
			isa = PBXGroup;
			children = (
				03B701B716C2055100BA0C24 /* _ofQuaternionT.h */,
				03B701B816C2055100BA0C24 /* _ofQuaternionT.cpp */,
			);
			path = ofQuaternionT;
			sourceTree = "<group>";
		};
		03B7FF0B16C18E8A00BA0C24 /* hayai */ = {
			isa = PBXGroup;
			children = (
				03B7FF3016C18E8A00BA0C24 /* LICENSE.md */,
				03B7FF3116C18E8A00BA0C24 /* README.md */,
				03B7FF3816C18E8A00BA0C24 /* src */,
			);
			path = hayai;
			sourceTree = "<group>";
		};
		03B7FF3816C18E8A00BA0C24 /* src */ = {
			isa = PBXGroup;
			children = (
				03B7FF3916C18E8A00BA0C24 /* CMakeLists.txt */,
				03B7FF3A16C18E8A00BA0C24 /* hayai-benchmarker.hpp */,
				03B7FF3B16C18E8A00BA0C24 /* hayai-console.hpp */,
				03B7FF3C16C18E8A00BA0C24 /* hayai-defaulttestfactory.hpp */,
				03B7FF3D16C18E8A00BA0C24 /* hayai-fixture.hpp */,
				03B7FF3E16C18E8A00BA0C24 /* hayai-posixmain.cpp */,
				03B7FF3F16C18E8A00BA0C24 /* hayai-test.hpp */,
				03B7FF4016C18E8A00BA0C24 /* hayai-testdescriptor.hpp */,
				03B7FF4116C18E8A00BA0C24 /* hayai-testfactory.hpp */,
				03B7FF4216C18E8A00BA0C24 /* hayai.hpp */,
			);
			path = src;
			sourceTree = "<group>";
		};
		03F7C0A716B182A2009E009E /* cpptest */ = {
			isa = PBXGroup;
			children = (
				03F7C1C216B206C5009E009E /* src */,
				03F7C1B616B20499009E009E /* lib */,
				03F7C16F16B183A8009E009E /* config */,
			);
			path = cpptest;
			sourceTree = "<group>";
		};
		03F7C16F16B183A8009E009E /* config */ = {
			isa = PBXGroup;
			children = (
				03F7C17216B183A8009E009E /* config.h */,
			);
			path = config;
			sourceTree = "<group>";
		};
		03F7C1B616B20499009E009E /* lib */ = {
			isa = PBXGroup;
			children = (
				03F7C1B716B20499009E009E /* linux */,
				03F7C1B816B20499009E009E /* osx */,
				03F7C1BA16B20499009E009E /* win */,
			);
			path = lib;
			sourceTree = "<group>";
		};
		03F7C1B716B20499009E009E /* linux */ = {
			isa = PBXGroup;
			children = (
			);
			path = linux;
			sourceTree = "<group>";
		};
		03F7C1B816B20499009E009E /* osx */ = {
			isa = PBXGroup;
			children = (
			);
			path = osx;
			sourceTree = "<group>";
		};
		03F7C1BA16B20499009E009E /* win */ = {
			isa = PBXGroup;
			children = (
			);
			path = win;
			sourceTree = "<group>";
		};
		03F7C1C216B206C5009E009E /* src */ = {
			isa = PBXGroup;
			children = (
				03F7C1CE16B206C5009E009E /* cpptest.h */,
				03F7C1C516B206C5009E009E /* cpptest-assert.h */,
				03F7C1C616B206C5009E009E /* cpptest-collectoroutput.h */,
				03F7C1C716B206C5009E009E /* cpptest-compileroutput.h */,
				03F7C1C816B206C5009E009E /* cpptest-htmloutput.h */,
				03F7C1C916B206C5009E009E /* cpptest-output.h */,
				03F7C1CA16B206C5009E009E /* cpptest-source.h */,
				03F7C1CB16B206C5009E009E /* cpptest-suite.h */,
				03F7C1CC16B206C5009E009E /* cpptest-textoutput.h */,
				03F7C1CD16B206C5009E009E /* cpptest-time.h */,
				03F7C1D216B206C5009E009E /* missing.h */,
				03F7C1D816B206C5009E009E /* utils.h */,
				03F7C1C316B206C5009E009E /* collectoroutput.cpp */,
				03F7C1C416B206C5009E009E /* compileroutput.cpp */,
				03F7C1CF16B206C5009E009E /* htmloutput.cpp */,
				03F7C1D116B206C5009E009E /* missing.cpp */,
				03F7C1D316B206C5009E009E /* source.cpp */,
				03F7C1D416B206C5009E009E /* suite.cpp */,
				03F7C1D516B206C5009E009E /* textoutput.cpp */,
				03F7C1D616B206C5009E009E /* time.cpp */,
				03F7C1D716B206C5009E009E /* utils.cpp */,
			);
			path = src;
			sourceTree = "<group>";
		};
		03F7C2AF16B24181009E009E /* core tests */ = {
			isa = PBXGroup;
			children = (
				03F7C2B016B24181009E009E /* 3d */,
				03F7C2B116B24181009E009E /* app */,
				03F7C2B216B24181009E009E /* communication */,
				03F7C2B316B24181009E009E /* events */,
				03F7C2B416B24181009E009E /* gl */,
				03F7C2B516B24181009E009E /* graphics */,
				03F7C2B616B24181009E009E /* math */,
				03F7C2B816B24181009E009E /* sound */,
				03F7C2B916B24181009E009E /* types */,
				03F7C2BA16B24181009E009E /* utils */,
				03F7C2BB16B24181009E009E /* video */,
				03F7C3D016B39A38009E009E /* ofCoreTests.h */,
			);
			name = "core tests";
			path = ofCore;
			sourceTree = "<group>";
		};
		03F7C2B016B24181009E009E /* 3d */ = {
			isa = PBXGroup;
			children = (
			);
			path = 3d;
			sourceTree = "<group>";
		};
		03F7C2B116B24181009E009E /* app */ = {
			isa = PBXGroup;
			children = (
			);
			path = app;
			sourceTree = "<group>";
		};
		03F7C2B216B24181009E009E /* communication */ = {
			isa = PBXGroup;
			children = (
			);
			path = communication;
			sourceTree = "<group>";
		};
		03F7C2B316B24181009E009E /* events */ = {
			isa = PBXGroup;
			children = (
			);
			path = events;
			sourceTree = "<group>";
		};
		03F7C2B416B24181009E009E /* gl */ = {
			isa = PBXGroup;
			children = (
			);
			path = gl;
			sourceTree = "<group>";
		};
		03F7C2B516B24181009E009E /* graphics */ = {
			isa = PBXGroup;
			children = (
				03F7C3C616B39817009E009E /* ofImage_test.h */,
				03F7C45916B3A559009E009E /* ofPixels_test.h */,
			);
			path = graphics;
			sourceTree = "<group>";
		};
		03F7C2B616B24181009E009E /* math */ = {
			isa = PBXGroup;
			children = (
				03B7FF5B16C18F5500BA0C24 /* ofVecT_Benchmark.h */,
				035D91E116BC6C8E00587D9D /* ofVecT_test.h */,
				03B7FF6416C18FC700BA0C24 /* ofVec2T_test.h */,
				03F7C2B716B24181009E009E /* ofVec3T_test.h */,
				03B7FF6316C18FB600BA0C24 /* ofVec4T_test.h */,
				03B7FEF616C18B6C00BA0C24 /* ofMatrix3x3T_test.h */,
				03B7FEE716C189A800BA0C24 /* ofMatrix4x4T_test.h */,
				03B7FEBE16C1880300BA0C24 /* ofQuaternionT_test.h */,
			);
			path = math;
			sourceTree = "<group>";
		};
		03F7C2B816B24181009E009E /* sound */ = {
			isa = PBXGroup;
			children = (
			);
			path = sound;
			sourceTree = "<group>";
		};
		03F7C2B916B24181009E009E /* types */ = {
			isa = PBXGroup;
			children = (
				03F7C2D716B24C1B009E009E /* ofColor_test.h */,
			);
			path = types;
			sourceTree = "<group>";
		};
		03F7C2BA16B24181009E009E /* utils */ = {
			isa = PBXGroup;
			children = (
				03F7C5DB16B651A5009E009E /* ofSystemUtils_test.h */,
				03F7C63616B66048009E009E /* ofUtils_test.h */,
				03F7C70016B70021009E009E /* ofUtils_DateTimeFrame_test.h */,
				03F7C70516B7006E009E009E /* ofUtils_ofAppPaths_test.h */,
			);
			path = utils;
			sourceTree = "<group>";
		};
		03F7C2BB16B24181009E009E /* video */ = {
			isa = PBXGroup;
			children = (
			);
			path = video;
			sourceTree = "<group>";
		};
		BB4B014C10F69532006C3DED /* addons */ = {
			isa = PBXGroup;
			children = (
				03B7FF0B16C18E8A00BA0C24 /* hayai */,
				03F7C0A716B182A2009E009E /* cpptest */,
			);
			name = addons;
			sourceTree = "<group>";
		};
		BBAB23C913894ECA00AA2426 /* system frameworks */ = {
			isa = PBXGroup;
			children = (
				E7F985F515E0DE99003869B5 /* Accelerate.framework */,
				E4C2424410CC5A17004149E2 /* AppKit.framework */,
				E4C2424510CC5A17004149E2 /* Cocoa.framework */,
				E4C2424610CC5A17004149E2 /* IOKit.framework */,
				E45BE9710E8CC7DD009D7055 /* AGL.framework */,
				E45BE9720E8CC7DD009D7055 /* ApplicationServices.framework */,
				E45BE9730E8CC7DD009D7055 /* AudioToolbox.framework */,
				E45BE9740E8CC7DD009D7055 /* Carbon.framework */,
				E45BE9750E8CC7DD009D7055 /* CoreAudio.framework */,
				E45BE9760E8CC7DD009D7055 /* CoreFoundation.framework */,
				E45BE9770E8CC7DD009D7055 /* CoreServices.framework */,
				E45BE9790E8CC7DD009D7055 /* OpenGL.framework */,
				E45BE97A0E8CC7DD009D7055 /* QuickTime.framework */,
				E7E077E415D3B63C0020DFD4 /* CoreVideo.framework */,
				E7E077E715D3B6510020DFD4 /* QTKit.framework */,
			);
			name = "system frameworks";
			sourceTree = "<group>";
		};
		BBAB23CA13894EDB00AA2426 /* 3rd party frameworks */ = {
			isa = PBXGroup;
			children = (
				BBAB23BE13894E4700AA2426 /* GLUT.framework */,
			);
			name = "3rd party frameworks";
			sourceTree = "<group>";
		};
		E4328144138ABC890047C5CB /* Products */ = {
			isa = PBXGroup;
			children = (
				E4328148138ABC890047C5CB /* openFrameworksDebug.a */,
			);
			name = Products;
			sourceTree = "<group>";
		};
		E45BE5980E8CC70C009D7055 /* frameworks */ = {
			isa = PBXGroup;
			children = (
				BBAB23CA13894EDB00AA2426 /* 3rd party frameworks */,
				BBAB23C913894ECA00AA2426 /* system frameworks */,
			);
			name = frameworks;
			sourceTree = "<group>";
		};
		E4B69B4A0A3A1720003C02F2 = {
			isa = PBXGroup;
			children = (
				E4B6FCAD0C3E899E008CF71C /* openFrameworks-Info.plist */,
				E4EB6923138AFD0F00A09F29 /* Project.xcconfig */,
				0351639716C0391E007E826E /* openFrameworks */,
				E4B69E1C0A3A1BDC003C02F2 /* src */,
				E4EEC9E9138DF44700A80321 /* openFrameworksLib */,
				BB4B014C10F69532006C3DED /* addons */,
				E45BE5980E8CC70C009D7055 /* frameworks */,
				E4B69B5B0A3A1756003C02F2 /* ofCoreTestDebug.app */,
			);
			sourceTree = "<group>";
		};
		E4B69E1C0A3A1BDC003C02F2 /* src */ = {
			isa = PBXGroup;
			children = (
				0351647F16C039BA007E826E /* template-ofVec */,
				03B7015716C2023100BA0C24 /* template-ofMatrix */,
				03B701B416C2052F00BA0C24 /* template-ofQuaternion */,
				03F7C2AF16B24181009E009E /* core tests */,
				E4B69E1D0A3A1BDC003C02F2 /* main.cpp */,
			);
			path = src;
			sourceTree = SOURCE_ROOT;
		};
		E4EEC9E9138DF44700A80321 /* openFrameworksLib */ = {
			isa = PBXGroup;
			children = (
				E4EB691F138AFCF100A09F29 /* CoreOF.xcconfig */,
				E4328143138ABC890047C5CB /* openFrameworksLib.xcodeproj */,
			);
			name = openFrameworksLib;
			sourceTree = "<group>";
		};
/* End PBXGroup section */

/* Begin PBXNativeTarget section */
		E4B69B5A0A3A1756003C02F2 /* ofCoreTest */ = {
			isa = PBXNativeTarget;
			buildConfigurationList = E4B69B5F0A3A1757003C02F2 /* Build configuration list for PBXNativeTarget "ofCoreTest" */;
			buildPhases = (
				E4B69B580A3A1756003C02F2 /* Sources */,
				E4B69B590A3A1756003C02F2 /* Frameworks */,
				E4B6FFFD0C3F9AB9008CF71C /* ShellScript */,
				E4C2427710CC5ABF004149E2 /* CopyFiles */,
			);
			buildRules = (
			);
			dependencies = (
				E4EEB9AC138B136A00A80321 /* PBXTargetDependency */,
			);
			name = ofCoreTest;
			productName = myOFApp;
			productReference = E4B69B5B0A3A1756003C02F2 /* ofCoreTestDebug.app */;
			productType = "com.apple.product-type.application";
		};
/* End PBXNativeTarget section */

/* Begin PBXProject section */
		E4B69B4C0A3A1720003C02F2 /* Project object */ = {
			isa = PBXProject;
			buildConfigurationList = E4B69B4D0A3A1720003C02F2 /* Build configuration list for PBXProject "ofCoreTest" */;
			compatibilityVersion = "Xcode 2.4";
			developmentRegion = English;
			hasScannedForEncodings = 0;
			knownRegions = (
				English,
				Japanese,
				French,
				German,
			);
			mainGroup = E4B69B4A0A3A1720003C02F2;
			productRefGroup = E4B69B4A0A3A1720003C02F2;
			projectDirPath = "";
			projectReferences = (
				{
					ProductGroup = E4328144138ABC890047C5CB /* Products */;
					ProjectRef = E4328143138ABC890047C5CB /* openFrameworksLib.xcodeproj */;
				},
			);
			projectRoot = "";
			targets = (
				E4B69B5A0A3A1756003C02F2 /* ofCoreTest */,
			);
		};
/* End PBXProject section */

/* Begin PBXReferenceProxy section */
		E4328148138ABC890047C5CB /* openFrameworksDebug.a */ = {
			isa = PBXReferenceProxy;
			fileType = archive.ar;
			path = openFrameworksDebug.a;
			remoteRef = E4328147138ABC890047C5CB /* PBXContainerItemProxy */;
			sourceTree = BUILT_PRODUCTS_DIR;
		};
/* End PBXReferenceProxy section */

/* Begin PBXShellScriptBuildPhase section */
		E4B6FFFD0C3F9AB9008CF71C /* ShellScript */ = {
			isa = PBXShellScriptBuildPhase;
			buildActionMask = 2147483647;
			files = (
			);
			inputPaths = (
			);
			outputPaths = (
			);
			runOnlyForDeploymentPostprocessing = 0;
			shellPath = /bin/sh;
			shellScript = "cp -f ../../../libs/fmodex/lib/osx/libfmodex.dylib \"$TARGET_BUILD_DIR/$PRODUCT_NAME.app/Contents/MacOS/libfmodex.dylib\"; install_name_tool -change ./libfmodex.dylib @executable_path/libfmodex.dylib \"$TARGET_BUILD_DIR/$PRODUCT_NAME.app/Contents/MacOS/$PRODUCT_NAME\";";
		};
/* End PBXShellScriptBuildPhase section */

/* Begin PBXSourcesBuildPhase section */
		E4B69B580A3A1756003C02F2 /* Sources */ = {
			isa = PBXSourcesBuildPhase;
			buildActionMask = 2147483647;
			files = (
				E4B69E200A3A1BDC003C02F2 /* main.cpp in Sources */,
				03F7C1D916B206C5009E009E /* collectoroutput.cpp in Sources */,
				03F7C1DA16B206C5009E009E /* compileroutput.cpp in Sources */,
				03F7C1DB16B206C5009E009E /* htmloutput.cpp in Sources */,
				03F7C1DC16B206C5009E009E /* missing.cpp in Sources */,
				03F7C1DD16B206C5009E009E /* source.cpp in Sources */,
				03F7C1DE16B206C5009E009E /* suite.cpp in Sources */,
				03F7C1DF16B206C5009E009E /* textoutput.cpp in Sources */,
				03F7C1E016B206C5009E009E /* time.cpp in Sources */,
				03F7C1E116B206C5009E009E /* utils.cpp in Sources */,
				03B7015C16C2024900BA0C24 /* _ofMatrix3x3.cpp in Sources */,
				0351648F16C039BB007E826E /* ofVecT_testApp.cpp in Sources */,
				03B7017E16C202AB00BA0C24 /* ofMatrixT_testApp.cpp in Sources */,
			);
			runOnlyForDeploymentPostprocessing = 0;
		};
/* End PBXSourcesBuildPhase section */

/* Begin PBXTargetDependency section */
		E4EEB9AC138B136A00A80321 /* PBXTargetDependency */ = {
			isa = PBXTargetDependency;
			name = openFrameworks;
			targetProxy = E4EEB9AB138B136A00A80321 /* PBXContainerItemProxy */;
		};
/* End PBXTargetDependency section */

/* Begin XCBuildConfiguration section */
		E4B69B4E0A3A1720003C02F2 /* Debug */ = {
			isa = XCBuildConfiguration;
			baseConfigurationReference = E4EB6923138AFD0F00A09F29 /* Project.xcconfig */;
			buildSettings = {
				ARCHS = "$(NATIVE_ARCH)";
				CONFIGURATION_BUILD_DIR = "$(SRCROOT)/bin/";
				COPY_PHASE_STRIP = NO;
				DEAD_CODE_STRIPPING = YES;
				GCC_AUTO_VECTORIZATION = YES;
				GCC_ENABLE_SSE3_EXTENSIONS = YES;
				GCC_ENABLE_SUPPLEMENTAL_SSE3_INSTRUCTIONS = YES;
				GCC_INLINES_ARE_PRIVATE_EXTERN = NO;
				GCC_OPTIMIZATION_LEVEL = 0;
				GCC_SYMBOLS_PRIVATE_EXTERN = NO;
				GCC_WARN_ABOUT_DEPRECATED_FUNCTIONS = YES;
				GCC_WARN_ABOUT_INVALID_OFFSETOF_MACRO = NO;
				GCC_WARN_ALLOW_INCOMPLETE_PROTOCOL = NO;
				GCC_WARN_UNINITIALIZED_AUTOS = NO;
				GCC_WARN_UNUSED_VALUE = NO;
				GCC_WARN_UNUSED_VARIABLE = NO;
				OTHER_CPLUSPLUSFLAGS = (
					"-D__MACOSX_CORE__",
					"-lpthread",
					"-mtune=native",
				);
				SDKROOT = macosx;
			};
			name = Debug;
		};
		E4B69B4F0A3A1720003C02F2 /* Release */ = {
			isa = XCBuildConfiguration;
			baseConfigurationReference = E4EB6923138AFD0F00A09F29 /* Project.xcconfig */;
			buildSettings = {
				ARCHS = "$(NATIVE_ARCH)";
				CONFIGURATION_BUILD_DIR = "$(SRCROOT)/bin/";
				COPY_PHASE_STRIP = YES;
				DEAD_CODE_STRIPPING = YES;
				GCC_AUTO_VECTORIZATION = YES;
				GCC_ENABLE_SSE3_EXTENSIONS = YES;
				GCC_ENABLE_SUPPLEMENTAL_SSE3_INSTRUCTIONS = YES;
				GCC_INLINES_ARE_PRIVATE_EXTERN = NO;
				GCC_OPTIMIZATION_LEVEL = 3;
				GCC_SYMBOLS_PRIVATE_EXTERN = NO;
				GCC_UNROLL_LOOPS = YES;
				GCC_WARN_ABOUT_DEPRECATED_FUNCTIONS = YES;
				GCC_WARN_ABOUT_INVALID_OFFSETOF_MACRO = NO;
				GCC_WARN_ALLOW_INCOMPLETE_PROTOCOL = NO;
				GCC_WARN_UNINITIALIZED_AUTOS = NO;
				GCC_WARN_UNUSED_VALUE = NO;
				GCC_WARN_UNUSED_VARIABLE = NO;
				OTHER_CPLUSPLUSFLAGS = (
					"-D__MACOSX_CORE__",
					"-lpthread",
					"-mtune=native",
				);
				OTHER_LDFLAGS = (
					"-ObjC++",
					"$(OF_CORE_LIBS)",
				);
				SDKROOT = macosx;
			};
			name = Release;
		};
		E4B69B600A3A1757003C02F2 /* Debug */ = {
			isa = XCBuildConfiguration;
			buildSettings = {
				COPY_PHASE_STRIP = NO;
				FRAMEWORK_SEARCH_PATHS = (
					"$(inherited)",
					"$(FRAMEWORK_SEARCH_PATHS_QUOTED_FOR_TARGET_1)",
				);
				FRAMEWORK_SEARCH_PATHS_QUOTED_FOR_TARGET_1 = "\"$(SRCROOT)/../../../libs/glut/lib/osx\"";
				GCC_DYNAMIC_NO_PIC = NO;
				GCC_ENABLE_FIX_AND_CONTINUE = YES;
				GCC_GENERATE_DEBUGGING_SYMBOLS = YES;
				GCC_MODEL_TUNING = NONE;
				GCC_PRECOMPILE_PREFIX_HEADER = YES;
				GCC_PREFIX_HEADER = "$(SYSTEM_LIBRARY_DIR)/Frameworks/Carbon.framework/Headers/Carbon.h";
				INFOPLIST_FILE = "openFrameworks-Info.plist";
				INSTALL_PATH = "$(HOME)/Applications";
				LIBRARY_SEARCH_PATHS = (
					"$(inherited)",
					"$(LIBRARY_SEARCH_PATHS_QUOTED_FOR_TARGET_1)",
					"$(LIBRARY_SEARCH_PATHS_QUOTED_FOR_TARGET_2)",
					"$(LIBRARY_SEARCH_PATHS_QUOTED_FOR_TARGET_3)",
					"$(LIBRARY_SEARCH_PATHS_QUOTED_FOR_TARGET_4)",
					"$(LIBRARY_SEARCH_PATHS_QUOTED_FOR_TARGET_5)",
					"$(LIBRARY_SEARCH_PATHS_QUOTED_FOR_TARGET_6)",
					"$(LIBRARY_SEARCH_PATHS_QUOTED_FOR_TARGET_7)",
					"$(LIBRARY_SEARCH_PATHS_QUOTED_FOR_TARGET_8)",
					"$(LIBRARY_SEARCH_PATHS_QUOTED_FOR_TARGET_9)",
					"$(LIBRARY_SEARCH_PATHS_QUOTED_FOR_TARGET_10)",
					"$(LIBRARY_SEARCH_PATHS_QUOTED_FOR_TARGET_11)",
					"$(LIBRARY_SEARCH_PATHS_QUOTED_FOR_TARGET_12)",
					"$(LIBRARY_SEARCH_PATHS_QUOTED_FOR_TARGET_13)",
					"$(LIBRARY_SEARCH_PATHS_QUOTED_FOR_TARGET_14)",
					"$(LIBRARY_SEARCH_PATHS_QUOTED_FOR_TARGET_15)",
					"$(LIBRARY_SEARCH_PATHS_QUOTED_FOR_TARGET_2)",
					"$(LIBRARY_SEARCH_PATHS_QUOTED_FOR_TARGET_3)",
					"$(LIBRARY_SEARCH_PATHS_QUOTED_FOR_TARGET_7)",
					"$(LIBRARY_SEARCH_PATHS_QUOTED_FOR_TARGET_8)",
					"$(LIBRARY_SEARCH_PATHS_QUOTED_FOR_TARGET_9)",
					"$(LIBRARY_SEARCH_PATHS_QUOTED_FOR_TARGET_10)",
					"$(LIBRARY_SEARCH_PATHS_QUOTED_FOR_TARGET_11)",
					"$(LIBRARY_SEARCH_PATHS_QUOTED_FOR_TARGET_12)",
					"$(LIBRARY_SEARCH_PATHS_QUOTED_FOR_TARGET_13)",
					"$(LIBRARY_SEARCH_PATHS_QUOTED_FOR_TARGET_16)",
					"$(LIBRARY_SEARCH_PATHS_QUOTED_FOR_TARGET_17)",
					"$(LIBRARY_SEARCH_PATHS_QUOTED_FOR_TARGET_18)",
					"$(LIBRARY_SEARCH_PATHS_QUOTED_FOR_TARGET_19)",
					"$(LIBRARY_SEARCH_PATHS_QUOTED_FOR_TARGET_20)",
					"$(LIBRARY_SEARCH_PATHS_QUOTED_FOR_TARGET_21)",
					"$(LIBRARY_SEARCH_PATHS_QUOTED_FOR_TARGET_22)",
					"$(LIBRARY_SEARCH_PATHS_QUOTED_FOR_TARGET_23)",
					"$(LIBRARY_SEARCH_PATHS_QUOTED_FOR_TARGET_24)",
					"$(LIBRARY_SEARCH_PATHS_QUOTED_FOR_TARGET_25)",
					"$(LIBRARY_SEARCH_PATHS_QUOTED_FOR_TARGET_26)",
					"$(LIBRARY_SEARCH_PATHS_QUOTED_FOR_TARGET_27)",
					"$(LIBRARY_SEARCH_PATHS_QUOTED_FOR_TARGET_28)",
					"$(LIBRARY_SEARCH_PATHS_QUOTED_FOR_TARGET_29)",
					"$(LIBRARY_SEARCH_PATHS_QUOTED_FOR_TARGET_30)",
					"$(LIBRARY_SEARCH_PATHS_QUOTED_FOR_TARGET_31)",
					"$(LIBRARY_SEARCH_PATHS_QUOTED_FOR_TARGET_32)",
					"$(LIBRARY_SEARCH_PATHS_QUOTED_FOR_TARGET_33)",
					"$(LIBRARY_SEARCH_PATHS_QUOTED_FOR_TARGET_34)",
					"$(LIBRARY_SEARCH_PATHS_QUOTED_FOR_TARGET_35)",
					"$(LIBRARY_SEARCH_PATHS_QUOTED_FOR_TARGET_36)",
					"$(LIBRARY_SEARCH_PATHS_QUOTED_FOR_TARGET_37)",
					"$(LIBRARY_SEARCH_PATHS_QUOTED_FOR_TARGET_38)",
					"$(LIBRARY_SEARCH_PATHS_QUOTED_FOR_TARGET_39)",
					"$(LIBRARY_SEARCH_PATHS_QUOTED_FOR_TARGET_40)",
					"$(LIBRARY_SEARCH_PATHS_QUOTED_FOR_TARGET_41)",
					"$(LIBRARY_SEARCH_PATHS_QUOTED_FOR_TARGET_42)",
					"$(LIBRARY_SEARCH_PATHS_QUOTED_FOR_TARGET_43)",
					"$(LIBRARY_SEARCH_PATHS_QUOTED_FOR_TARGET_44)",
					"$(LIBRARY_SEARCH_PATHS_QUOTED_FOR_TARGET_45)",
					"$(LIBRARY_SEARCH_PATHS_QUOTED_FOR_TARGET_46)",
					"$(LIBRARY_SEARCH_PATHS_QUOTED_FOR_TARGET_47)",
					"$(LIBRARY_SEARCH_PATHS_QUOTED_FOR_TARGET_48)",
					"$(LIBRARY_SEARCH_PATHS_QUOTED_FOR_TARGET_49)",
					"$(LIBRARY_SEARCH_PATHS_QUOTED_FOR_TARGET_50)",
					"$(LIBRARY_SEARCH_PATHS_QUOTED_FOR_TARGET_51)",
					"$(LIBRARY_SEARCH_PATHS_QUOTED_FOR_TARGET_52)",
					"$(LIBRARY_SEARCH_PATHS_QUOTED_FOR_TARGET_1)",
					"$(LIBRARY_SEARCH_PATHS_QUOTED_FOR_TARGET_2)",
				);
				PREBINDING = NO;
				PRODUCT_NAME = "$(TARGET_NAME)Debug";
				WRAPPER_EXTENSION = app;
			};
			name = Debug;
		};
		E4B69B610A3A1757003C02F2 /* Release */ = {
			isa = XCBuildConfiguration;
			buildSettings = {
				COPY_PHASE_STRIP = YES;
				FRAMEWORK_SEARCH_PATHS = (
					"$(inherited)",
					"$(FRAMEWORK_SEARCH_PATHS_QUOTED_FOR_TARGET_1)",
				);
				FRAMEWORK_SEARCH_PATHS_QUOTED_FOR_TARGET_1 = "\"$(SRCROOT)/../../../libs/glut/lib/osx\"";
				GCC_ENABLE_FIX_AND_CONTINUE = NO;
				GCC_GENERATE_DEBUGGING_SYMBOLS = YES;
				GCC_MODEL_TUNING = NONE;
				GCC_PRECOMPILE_PREFIX_HEADER = YES;
				GCC_PREFIX_HEADER = "$(SYSTEM_LIBRARY_DIR)/Frameworks/Carbon.framework/Headers/Carbon.h";
				INFOPLIST_FILE = "openFrameworks-Info.plist";
				INSTALL_PATH = "$(HOME)/Applications";
				LIBRARY_SEARCH_PATHS = (
					"$(inherited)",
					"$(LIBRARY_SEARCH_PATHS_QUOTED_FOR_TARGET_1)",
					"$(LIBRARY_SEARCH_PATHS_QUOTED_FOR_TARGET_2)",
					"$(LIBRARY_SEARCH_PATHS_QUOTED_FOR_TARGET_3)",
					"$(LIBRARY_SEARCH_PATHS_QUOTED_FOR_TARGET_4)",
					"$(LIBRARY_SEARCH_PATHS_QUOTED_FOR_TARGET_5)",
					"$(LIBRARY_SEARCH_PATHS_QUOTED_FOR_TARGET_6)",
					"$(LIBRARY_SEARCH_PATHS_QUOTED_FOR_TARGET_7)",
					"$(LIBRARY_SEARCH_PATHS_QUOTED_FOR_TARGET_8)",
					"$(LIBRARY_SEARCH_PATHS_QUOTED_FOR_TARGET_9)",
					"$(LIBRARY_SEARCH_PATHS_QUOTED_FOR_TARGET_10)",
					"$(LIBRARY_SEARCH_PATHS_QUOTED_FOR_TARGET_11)",
					"$(LIBRARY_SEARCH_PATHS_QUOTED_FOR_TARGET_12)",
					"$(LIBRARY_SEARCH_PATHS_QUOTED_FOR_TARGET_13)",
					"$(LIBRARY_SEARCH_PATHS_QUOTED_FOR_TARGET_14)",
					"$(LIBRARY_SEARCH_PATHS_QUOTED_FOR_TARGET_15)",
					"$(LIBRARY_SEARCH_PATHS_QUOTED_FOR_TARGET_2)",
					"$(LIBRARY_SEARCH_PATHS_QUOTED_1)",
					"$(LIBRARY_SEARCH_PATHS_QUOTED_FOR_TARGET_3)",
					"$(LIBRARY_SEARCH_PATHS_QUOTED_FOR_TARGET_7)",
					"$(LIBRARY_SEARCH_PATHS_QUOTED_FOR_TARGET_8)",
					"$(LIBRARY_SEARCH_PATHS_QUOTED_FOR_TARGET_9)",
					"$(LIBRARY_SEARCH_PATHS_QUOTED_FOR_TARGET_10)",
					"$(LIBRARY_SEARCH_PATHS_QUOTED_FOR_TARGET_11)",
					"$(LIBRARY_SEARCH_PATHS_QUOTED_FOR_TARGET_12)",
					"$(LIBRARY_SEARCH_PATHS_QUOTED_FOR_TARGET_13)",
					"$(LIBRARY_SEARCH_PATHS_QUOTED_FOR_TARGET_16)",
					"$(LIBRARY_SEARCH_PATHS_QUOTED_FOR_TARGET_17)",
					"$(LIBRARY_SEARCH_PATHS_QUOTED_FOR_TARGET_18)",
					"$(LIBRARY_SEARCH_PATHS_QUOTED_FOR_TARGET_19)",
					"$(LIBRARY_SEARCH_PATHS_QUOTED_FOR_TARGET_20)",
					"$(LIBRARY_SEARCH_PATHS_QUOTED_FOR_TARGET_21)",
					"$(LIBRARY_SEARCH_PATHS_QUOTED_FOR_TARGET_22)",
					"$(LIBRARY_SEARCH_PATHS_QUOTED_FOR_TARGET_23)",
					"$(LIBRARY_SEARCH_PATHS_QUOTED_FOR_TARGET_24)",
					"$(LIBRARY_SEARCH_PATHS_QUOTED_FOR_TARGET_25)",
					"$(LIBRARY_SEARCH_PATHS_QUOTED_FOR_TARGET_26)",
					"$(LIBRARY_SEARCH_PATHS_QUOTED_FOR_TARGET_27)",
					"$(LIBRARY_SEARCH_PATHS_QUOTED_FOR_TARGET_28)",
					"$(LIBRARY_SEARCH_PATHS_QUOTED_FOR_TARGET_29)",
					"$(LIBRARY_SEARCH_PATHS_QUOTED_FOR_TARGET_30)",
					"$(LIBRARY_SEARCH_PATHS_QUOTED_FOR_TARGET_31)",
					"$(LIBRARY_SEARCH_PATHS_QUOTED_FOR_TARGET_32)",
					"$(LIBRARY_SEARCH_PATHS_QUOTED_FOR_TARGET_33)",
					"$(LIBRARY_SEARCH_PATHS_QUOTED_FOR_TARGET_34)",
					"$(LIBRARY_SEARCH_PATHS_QUOTED_FOR_TARGET_35)",
					"$(LIBRARY_SEARCH_PATHS_QUOTED_FOR_TARGET_36)",
					"$(LIBRARY_SEARCH_PATHS_QUOTED_FOR_TARGET_37)",
					"$(LIBRARY_SEARCH_PATHS_QUOTED_FOR_TARGET_38)",
					"$(LIBRARY_SEARCH_PATHS_QUOTED_FOR_TARGET_39)",
					"$(LIBRARY_SEARCH_PATHS_QUOTED_FOR_TARGET_40)",
					"$(LIBRARY_SEARCH_PATHS_QUOTED_FOR_TARGET_41)",
					"$(LIBRARY_SEARCH_PATHS_QUOTED_FOR_TARGET_42)",
					"$(LIBRARY_SEARCH_PATHS_QUOTED_FOR_TARGET_43)",
					"$(LIBRARY_SEARCH_PATHS_QUOTED_FOR_TARGET_44)",
					"$(LIBRARY_SEARCH_PATHS_QUOTED_FOR_TARGET_45)",
					"$(LIBRARY_SEARCH_PATHS_QUOTED_FOR_TARGET_46)",
					"$(LIBRARY_SEARCH_PATHS_QUOTED_FOR_TARGET_47)",
					"$(LIBRARY_SEARCH_PATHS_QUOTED_FOR_TARGET_48)",
					"$(LIBRARY_SEARCH_PATHS_QUOTED_FOR_TARGET_49)",
					"$(LIBRARY_SEARCH_PATHS_QUOTED_FOR_TARGET_50)",
					"$(LIBRARY_SEARCH_PATHS_QUOTED_FOR_TARGET_51)",
					"$(LIBRARY_SEARCH_PATHS_QUOTED_FOR_TARGET_1)",
					"$(LIBRARY_SEARCH_PATHS_QUOTED_FOR_TARGET_2)",
				);
				PREBINDING = NO;
				PRODUCT_NAME = "$(TARGET_NAME)";
				WRAPPER_EXTENSION = app;
			};
			name = Release;
		};
/* End XCBuildConfiguration section */

/* Begin XCConfigurationList section */
		E4B69B4D0A3A1720003C02F2 /* Build configuration list for PBXProject "ofCoreTest" */ = {
			isa = XCConfigurationList;
			buildConfigurations = (
				E4B69B4E0A3A1720003C02F2 /* Debug */,
				E4B69B4F0A3A1720003C02F2 /* Release */,
			);
			defaultConfigurationIsVisible = 0;
			defaultConfigurationName = Release;
		};
		E4B69B5F0A3A1757003C02F2 /* Build configuration list for PBXNativeTarget "ofCoreTest" */ = {
			isa = XCConfigurationList;
			buildConfigurations = (
				E4B69B600A3A1757003C02F2 /* Debug */,
				E4B69B610A3A1757003C02F2 /* Release */,
			);
			defaultConfigurationIsVisible = 0;
			defaultConfigurationName = Release;
		};
/* End XCConfigurationList section */
	};
	rootObject = E4B69B4C0A3A1720003C02F2 /* Project object */;
}
